// !$*UTF8*$!
{
	archiveVersion = 1;
	classes = {
	};
	objectVersion = 55;
	objects = {

/* Begin PBXBuildFile section */
		0F07C30E2827E4B900C18EE2 /* SignUpViewModel.swift in Sources */ = {isa = PBXBuildFile; fileRef = 0F07C30D2827E4B800C18EE2 /* SignUpViewModel.swift */; };
		0F07C3102827E93B00C18EE2 /* ResetPasswordViewModel.swift in Sources */ = {isa = PBXBuildFile; fileRef = 0F07C30F2827E93B00C18EE2 /* ResetPasswordViewModel.swift */; };
		0F0A1F37284CF116001AFEF4 /* FirebaseAuth in Frameworks */ = {isa = PBXBuildFile; productRef = 0F0A1F36284CF116001AFEF4 /* FirebaseAuth */; };
		0F0A1F39284CF116001AFEF4 /* FirebaseAuthCombine-Community in Frameworks */ = {isa = PBXBuildFile; productRef = 0F0A1F38284CF116001AFEF4 /* FirebaseAuthCombine-Community */; };
		0F0A1F3C284D1F58001AFEF4 /* AlertActionType.swift in Sources */ = {isa = PBXBuildFile; fileRef = 0F0A1F3B284D1F58001AFEF4 /* AlertActionType.swift */; };
		0F0A1F3F284D1F90001AFEF4 /* DefaultAlertAction.swift in Sources */ = {isa = PBXBuildFile; fileRef = 0F0A1F3E284D1F90001AFEF4 /* DefaultAlertAction.swift */; };
		0F0A1F41284D1FB6001AFEF4 /* AlertActionStyle.swift in Sources */ = {isa = PBXBuildFile; fileRef = 0F0A1F40284D1FB6001AFEF4 /* AlertActionStyle.swift */; };
		0F0A1F43284D1FCF001AFEF4 /* AlertAction.swift in Sources */ = {isa = PBXBuildFile; fileRef = 0F0A1F42284D1FCF001AFEF4 /* AlertAction.swift */; };
		0F0A1F47284D2023001AFEF4 /* AlertConfiguration+BeBetterStyle.swift in Sources */ = {isa = PBXBuildFile; fileRef = 0F0A1F46284D2023001AFEF4 /* AlertConfiguration+BeBetterStyle.swift */; };
		0F0A1F49284D20D1001AFEF4 /* BeBetterAlertConfiguration.swift in Sources */ = {isa = PBXBuildFile; fileRef = 0F0A1F48284D20D1001AFEF4 /* BeBetterAlertConfiguration.swift */; };
		0F0A1F4B284D2100001AFEF4 /* BeBetterAlertTextModifier.swift in Sources */ = {isa = PBXBuildFile; fileRef = 0F0A1F4A284D2100001AFEF4 /* BeBetterAlertTextModifier.swift */; };
		0F0A1F4D284D215A001AFEF4 /* AlertConfiguration.swift in Sources */ = {isa = PBXBuildFile; fileRef = 0F0A1F4C284D215A001AFEF4 /* AlertConfiguration.swift */; };
		0F0A1F4F284D2177001AFEF4 /* AlertTextModifier.swift in Sources */ = {isa = PBXBuildFile; fileRef = 0F0A1F4E284D2177001AFEF4 /* AlertTextModifier.swift */; };
		0F0A1F51284D22E8001AFEF4 /* AlertAnimationController.swift in Sources */ = {isa = PBXBuildFile; fileRef = 0F0A1F50284D22E8001AFEF4 /* AlertAnimationController.swift */; };
		0F0A1F53284D2307001AFEF4 /* AlertPresentationController.swift in Sources */ = {isa = PBXBuildFile; fileRef = 0F0A1F52284D2307001AFEF4 /* AlertPresentationController.swift */; };
		0F0A1F55284D233B001AFEF4 /* AlertView.swift in Sources */ = {isa = PBXBuildFile; fileRef = 0F0A1F54284D233B001AFEF4 /* AlertView.swift */; };
		0F0A1F57284D2371001AFEF4 /* AlertTransition.swift in Sources */ = {isa = PBXBuildFile; fileRef = 0F0A1F56284D2371001AFEF4 /* AlertTransition.swift */; };
		0F0A1F59284D2387001AFEF4 /* AlertViewController.swift in Sources */ = {isa = PBXBuildFile; fileRef = 0F0A1F58284D2387001AFEF4 /* AlertViewController.swift */; };
		0F0CAEDC2827B0080009B04D /* BaseViewModel.swift in Sources */ = {isa = PBXBuildFile; fileRef = 0F0CAEDB2827B0080009B04D /* BaseViewModel.swift */; };
		0F0CAEDE2827B1F40009B04D /* LoginViewModel.swift in Sources */ = {isa = PBXBuildFile; fileRef = 0F0CAEDD2827B1F40009B04D /* LoginViewModel.swift */; };
		0F0CAEE02827B95B0009B04D /* UITextField+TextPublisher.swift in Sources */ = {isa = PBXBuildFile; fileRef = 0F0CAEDF2827B95B0009B04D /* UITextField+TextPublisher.swift */; };
		0F0F0A612828FCD4008C3EFE /* DependencyContainer.swift in Sources */ = {isa = PBXBuildFile; fileRef = 0F0F0A602828FCD4008C3EFE /* DependencyContainer.swift */; };
		0F0F0A632828FCE8008C3EFE /* DefaultDependencyContainer.swift in Sources */ = {isa = PBXBuildFile; fileRef = 0F0F0A622828FCE8008C3EFE /* DefaultDependencyContainer.swift */; };
		0F0F0A672828FE59008C3EFE /* AuthenticationState.swift in Sources */ = {isa = PBXBuildFile; fileRef = 0F0F0A662828FE59008C3EFE /* AuthenticationState.swift */; };
		0F0F0A692828FE6B008C3EFE /* AccountManager.swift in Sources */ = {isa = PBXBuildFile; fileRef = 0F0F0A682828FE6B008C3EFE /* AccountManager.swift */; };
		0F0F0A6B2828FE88008C3EFE /* User.swift in Sources */ = {isa = PBXBuildFile; fileRef = 0F0F0A6A2828FE88008C3EFE /* User.swift */; };
		0F2C83522852555300F520D0 /* UserDefaultsManager.swift in Sources */ = {isa = PBXBuildFile; fileRef = 0F2C83512852555300F520D0 /* UserDefaultsManager.swift */; };
		0F3378612826C94F0007D95A /* ResetPasswordView.swift in Sources */ = {isa = PBXBuildFile; fileRef = 0F3378602826C94F0007D95A /* ResetPasswordView.swift */; };
		0F3378632826C9560007D95A /* ResetPasswordViewController.swift in Sources */ = {isa = PBXBuildFile; fileRef = 0F3378622826C9560007D95A /* ResetPasswordViewController.swift */; };
		0F3378652826C95C0007D95A /* ResetPasswordCoordinator.swift in Sources */ = {isa = PBXBuildFile; fileRef = 0F3378642826C95C0007D95A /* ResetPasswordCoordinator.swift */; };
		0F47E4FE2827FF9300406546 /* TopNavigationStackContainerView.swift in Sources */ = {isa = PBXBuildFile; fileRef = 0F47E4FD2827FF9300406546 /* TopNavigationStackContainerView.swift */; };
		0F47E5012827FFEC00406546 /* TopNavigationScrollableContainerView.swift in Sources */ = {isa = PBXBuildFile; fileRef = 0F47E5002827FFEC00406546 /* TopNavigationScrollableContainerView.swift */; };
		0F47E5032828000D00406546 /* NavigationTopView.swift in Sources */ = {isa = PBXBuildFile; fileRef = 0F47E5022828000D00406546 /* NavigationTopView.swift */; };
		0F47E5052828002700406546 /* NavigationTopViewContainer.swift in Sources */ = {isa = PBXBuildFile; fileRef = 0F47E5042828002700406546 /* NavigationTopViewContainer.swift */; };
		0F48A0572828258C0090AAEE /* FirebaseAnalyticsWithoutAdIdSupport in Frameworks */ = {isa = PBXBuildFile; productRef = 0F48A0562828258C0090AAEE /* FirebaseAnalyticsWithoutAdIdSupport */; };
		0F48A059282825930090AAEE /* FirebaseAppDistribution-Beta in Frameworks */ = {isa = PBXBuildFile; productRef = 0F48A058282825930090AAEE /* FirebaseAppDistribution-Beta */; };
		0F6F165A2800C7F500F6B97E /* GoogleService-Info.plist in Resources */ = {isa = PBXBuildFile; fileRef = 0F6F16592800C7F500F6B97E /* GoogleService-Info.plist */; };
		0F704E0B270F9D08004B897F /* AppDelegate.swift in Sources */ = {isa = PBXBuildFile; fileRef = 0F704E0A270F9D08004B897F /* AppDelegate.swift */; };
		0F704E0D270F9D08004B897F /* SceneDelegate.swift in Sources */ = {isa = PBXBuildFile; fileRef = 0F704E0C270F9D08004B897F /* SceneDelegate.swift */; };
		0F704E14270F9D09004B897F /* Assets.xcassets in Resources */ = {isa = PBXBuildFile; fileRef = 0F704E13270F9D09004B897F /* Assets.xcassets */; };
		0F704E17270F9D09004B897F /* LaunchScreen.storyboard in Resources */ = {isa = PBXBuildFile; fileRef = 0F704E15270F9D09004B897F /* LaunchScreen.storyboard */; };
		0F704E22270F9D0A004B897F /* beBetterTests.swift in Sources */ = {isa = PBXBuildFile; fileRef = 0F704E21270F9D0A004B897F /* beBetterTests.swift */; };
		0F704E40270F9E38004B897F /* CustomLoadedController.swift in Sources */ = {isa = PBXBuildFile; fileRef = 0F704E3F270F9E38004B897F /* CustomLoadedController.swift */; };
		0F704E44270F9E72004B897F /* TextSize.swift in Sources */ = {isa = PBXBuildFile; fileRef = 0F704E43270F9E72004B897F /* TextSize.swift */; };
		0F704E48270F9EA6004B897F /* UIView+Anchors.swift in Sources */ = {isa = PBXBuildFile; fileRef = 0F704E47270F9EA6004B897F /* UIView+Anchors.swift */; };
		0F704E4A270F9EBC004B897F /* UIEdgeInsets+Equal.swift in Sources */ = {isa = PBXBuildFile; fileRef = 0F704E49270F9EBC004B897F /* UIEdgeInsets+Equal.swift */; };
		0F704E4C270F9ED1004B897F /* CALayer+SketchShadow.swift in Sources */ = {isa = PBXBuildFile; fileRef = 0F704E4B270F9ED1004B897F /* CALayer+SketchShadow.swift */; };
		0F704E4E270F9EEE004B897F /* UINavigationItem+EmptyBack.swift in Sources */ = {isa = PBXBuildFile; fileRef = 0F704E4D270F9EEE004B897F /* UINavigationItem+EmptyBack.swift */; };
		0F704E50270F9F48004B897F /* UIColor+SemanticAssets.swift in Sources */ = {isa = PBXBuildFile; fileRef = 0F704E4F270F9F48004B897F /* UIColor+SemanticAssets.swift */; };
		0F704E52270F9FF9004B897F /* Colors.xcassets in Resources */ = {isa = PBXBuildFile; fileRef = 0F704E51270F9FF9004B897F /* Colors.xcassets */; };
		0F704E56270FA3AA004B897F /* KeyboardAwareCollectionView.swift in Sources */ = {isa = PBXBuildFile; fileRef = 0F704E55270FA3A9004B897F /* KeyboardAwareCollectionView.swift */; };
		0F704E58270FA3D1004B897F /* KeyboardAwareScrollView.swift in Sources */ = {isa = PBXBuildFile; fileRef = 0F704E57270FA3D1004B897F /* KeyboardAwareScrollView.swift */; };
		0F704E5A270FA3ED004B897F /* KeyboardAwareTableView.swift in Sources */ = {isa = PBXBuildFile; fileRef = 0F704E59270FA3ED004B897F /* KeyboardAwareTableView.swift */; };
		0F704E5C270FA3FF004B897F /* UIScrollView+KeyboardAwareness.swift in Sources */ = {isa = PBXBuildFile; fileRef = 0F704E5B270FA3FF004B897F /* UIScrollView+KeyboardAwareness.swift */; };
		0F704E5E270FA41A004B897F /* KeyboardAwareScrollContainerView.swift in Sources */ = {isa = PBXBuildFile; fileRef = 0F704E5D270FA41A004B897F /* KeyboardAwareScrollContainerView.swift */; };
		0F704E61270FA4B0004B897F /* FloatingLabelField.swift in Sources */ = {isa = PBXBuildFile; fileRef = 0F704E60270FA4B0004B897F /* FloatingLabelField.swift */; };
		0F704E63270FA4D3004B897F /* UITextField+CaretPosition.swift in Sources */ = {isa = PBXBuildFile; fileRef = 0F704E62270FA4D3004B897F /* UITextField+CaretPosition.swift */; };
		0F704E65270FA4F4004B897F /* BeBetterTextField.swift in Sources */ = {isa = PBXBuildFile; fileRef = 0F704E64270FA4F4004B897F /* BeBetterTextField.swift */; };
		0F704E6C270FAAD1004B897F /* Coordinator.swift in Sources */ = {isa = PBXBuildFile; fileRef = 0F704E6B270FAAD1004B897F /* Coordinator.swift */; };
		0F704E6E270FAAF4004B897F /* MainCoordinator.swift in Sources */ = {isa = PBXBuildFile; fileRef = 0F704E6D270FAAF4004B897F /* MainCoordinator.swift */; };
		0F704E70270FAF48004B897F /* LoginViewController.swift in Sources */ = {isa = PBXBuildFile; fileRef = 0F704E6F270FAF48004B897F /* LoginViewController.swift */; };
		0F704E72270FAF86004B897F /* LoginView.swift in Sources */ = {isa = PBXBuildFile; fileRef = 0F704E71270FAF86004B897F /* LoginView.swift */; };
		0F704E75270FC092004B897F /* PrimaryButton.swift in Sources */ = {isa = PBXBuildFile; fileRef = 0F704E74270FC092004B897F /* PrimaryButton.swift */; };
		0F704E78270FC6A0004B897F /* AuthorizationBaseView.swift in Sources */ = {isa = PBXBuildFile; fileRef = 0F704E77270FC6A0004B897F /* AuthorizationBaseView.swift */; };
		0F7DCB8328247225006EF7B1 /* SignUpView.swift in Sources */ = {isa = PBXBuildFile; fileRef = 0F7DCB8228247225006EF7B1 /* SignUpView.swift */; };
		0F7DCB852824722F006EF7B1 /* SignUpViewController.swift in Sources */ = {isa = PBXBuildFile; fileRef = 0F7DCB842824722F006EF7B1 /* SignUpViewController.swift */; };
		0F7DCB872824723C006EF7B1 /* SignUpCoordinator.swift in Sources */ = {isa = PBXBuildFile; fileRef = 0F7DCB862824723C006EF7B1 /* SignUpCoordinator.swift */; };
		0F92DD2F282831F00075A6E2 /* Gilroy-BoldItalic.otf in Resources */ = {isa = PBXBuildFile; fileRef = 0F92DD1B282831EF0075A6E2 /* Gilroy-BoldItalic.otf */; };
		0F92DD30282831F00075A6E2 /* Gilroy-Heavy.otf in Resources */ = {isa = PBXBuildFile; fileRef = 0F92DD1C282831EF0075A6E2 /* Gilroy-Heavy.otf */; };
		0F92DD31282831F00075A6E2 /* Gilroy-MediumItalic.otf in Resources */ = {isa = PBXBuildFile; fileRef = 0F92DD1D282831EF0075A6E2 /* Gilroy-MediumItalic.otf */; };
		0F92DD32282831F00075A6E2 /* Gilroy-SemiBoldItalic.otf in Resources */ = {isa = PBXBuildFile; fileRef = 0F92DD1E282831EF0075A6E2 /* Gilroy-SemiBoldItalic.otf */; };
		0F92DD33282831F00075A6E2 /* Gilroy-HeavyItalic.otf in Resources */ = {isa = PBXBuildFile; fileRef = 0F92DD1F282831EF0075A6E2 /* Gilroy-HeavyItalic.otf */; };
		0F92DD34282831F00075A6E2 /* Gilroy-Thin.otf in Resources */ = {isa = PBXBuildFile; fileRef = 0F92DD20282831EF0075A6E2 /* Gilroy-Thin.otf */; };
		0F92DD35282831F00075A6E2 /* Gilroy-Light.otf in Resources */ = {isa = PBXBuildFile; fileRef = 0F92DD21282831EF0075A6E2 /* Gilroy-Light.otf */; };
		0F92DD36282831F00075A6E2 /* Gilroy-Bold.otf in Resources */ = {isa = PBXBuildFile; fileRef = 0F92DD22282831EF0075A6E2 /* Gilroy-Bold.otf */; };
		0F92DD37282831F00075A6E2 /* Gilroy-ExtraBold.otf in Resources */ = {isa = PBXBuildFile; fileRef = 0F92DD23282831EF0075A6E2 /* Gilroy-ExtraBold.otf */; };
		0F92DD38282831F00075A6E2 /* Gilroy-Black.otf in Resources */ = {isa = PBXBuildFile; fileRef = 0F92DD24282831EF0075A6E2 /* Gilroy-Black.otf */; };
		0F92DD39282831F00075A6E2 /* Gilroy-LightItalic.otf in Resources */ = {isa = PBXBuildFile; fileRef = 0F92DD25282831EF0075A6E2 /* Gilroy-LightItalic.otf */; };
		0F92DD3A282831F00075A6E2 /* Gilroy-Medium.otf in Resources */ = {isa = PBXBuildFile; fileRef = 0F92DD26282831EF0075A6E2 /* Gilroy-Medium.otf */; };
		0F92DD3B282831F00075A6E2 /* Gilroy-ExtraBoldItalic.otf in Resources */ = {isa = PBXBuildFile; fileRef = 0F92DD27282831EF0075A6E2 /* Gilroy-ExtraBoldItalic.otf */; };
		0F92DD3C282831F00075A6E2 /* Gilroy-BlackItalic.otf in Resources */ = {isa = PBXBuildFile; fileRef = 0F92DD28282831EF0075A6E2 /* Gilroy-BlackItalic.otf */; };
		0F92DD3D282831F00075A6E2 /* Gilroy-RegularItalic.otf in Resources */ = {isa = PBXBuildFile; fileRef = 0F92DD29282831EF0075A6E2 /* Gilroy-RegularItalic.otf */; };
		0F92DD3E282831F00075A6E2 /* Gilroy-Regular.otf in Resources */ = {isa = PBXBuildFile; fileRef = 0F92DD2A282831F00075A6E2 /* Gilroy-Regular.otf */; };
		0F92DD3F282831F00075A6E2 /* Gilroy-SemiBold.otf in Resources */ = {isa = PBXBuildFile; fileRef = 0F92DD2B282831F00075A6E2 /* Gilroy-SemiBold.otf */; };
		0F92DD40282831F00075A6E2 /* Gilroy-ThinItalic.otf in Resources */ = {isa = PBXBuildFile; fileRef = 0F92DD2C282831F00075A6E2 /* Gilroy-ThinItalic.otf */; };
		0F92DD41282831F00075A6E2 /* Gilroy-UltraLight.otf in Resources */ = {isa = PBXBuildFile; fileRef = 0F92DD2D282831F00075A6E2 /* Gilroy-UltraLight.otf */; };
		0F92DD42282831F00075A6E2 /* Gilroy-UltraLightItalic.otf in Resources */ = {isa = PBXBuildFile; fileRef = 0F92DD2E282831F00075A6E2 /* Gilroy-UltraLightItalic.otf */; };
		0F92DD44282836F00075A6E2 /* UIFont+Name.swift in Sources */ = {isa = PBXBuildFile; fileRef = 0F92DD43282836F00075A6E2 /* UIFont+Name.swift */; };
		0FB70B7A2811A26100DFA48B /* ExportOptions.plist in Resources */ = {isa = PBXBuildFile; fileRef = 0FB70B792811A26100DFA48B /* ExportOptions.plist */; };
		0FE403252852637A00A10C36 /* AccountViewModel.swift in Sources */ = {isa = PBXBuildFile; fileRef = 0FE403242852637A00A10C36 /* AccountViewModel.swift */; };
		0FFD501027177E4B00F9563B /* Router.swift in Sources */ = {isa = PBXBuildFile; fileRef = 0FFD500F27177E4B00F9563B /* Router.swift */; };
		0FFD501227177EA900F9563B /* RouterProtocol.swift in Sources */ = {isa = PBXBuildFile; fileRef = 0FFD501127177EA900F9563B /* RouterProtocol.swift */; };
		0FFD501427177ECD00F9563B /* RoutableProtocol.swift in Sources */ = {isa = PBXBuildFile; fileRef = 0FFD501327177ECD00F9563B /* RoutableProtocol.swift */; };
		0FFD501627177F0700F9563B /* UINavigationController+Combine.swift in Sources */ = {isa = PBXBuildFile; fileRef = 0FFD501527177F0700F9563B /* UINavigationController+Combine.swift */; };
		0FFD501827177F2300F9563B /* ReleaseHandler.swift in Sources */ = {isa = PBXBuildFile; fileRef = 0FFD501727177F2300F9563B /* ReleaseHandler.swift */; };
		0FFD501A27177F4E00F9563B /* BaseViewController.swift in Sources */ = {isa = PBXBuildFile; fileRef = 0FFD501927177F4E00F9563B /* BaseViewController.swift */; };
		0FFD501D27177FB500F9563B /* Combine+Lock.swift in Sources */ = {isa = PBXBuildFile; fileRef = 0FFD501C27177FB500F9563B /* Combine+Lock.swift */; };
		0FFD501F27177FC900F9563B /* Combine+Util.swift in Sources */ = {isa = PBXBuildFile; fileRef = 0FFD501E27177FC900F9563B /* Combine+Util.swift */; };
		0FFD50212717801400F9563B /* TakeUntil.swift in Sources */ = {isa = PBXBuildFile; fileRef = 0FFD50202717801400F9563B /* TakeUntil.swift */; };
		0FFD50232717804400F9563B /* DemandableSubscriber.swift in Sources */ = {isa = PBXBuildFile; fileRef = 0FFD50222717804400F9563B /* DemandableSubscriber.swift */; };
		0FFD5025271780B300F9563B /* LoginCoordinator.swift in Sources */ = {isa = PBXBuildFile; fileRef = 0FFD5024271780B300F9563B /* LoginCoordinator.swift */; };
		0FFD50282717842500F9563B /* TabBarCoordinator.swift in Sources */ = {isa = PBXBuildFile; fileRef = 0FFD50272717842500F9563B /* TabBarCoordinator.swift */; };
		0FFD502C2717852600F9563B /* HomeViewController.swift in Sources */ = {isa = PBXBuildFile; fileRef = 0FFD502B2717852600F9563B /* HomeViewController.swift */; };
		0FFD502E2717854300F9563B /* HomeView.swift in Sources */ = {isa = PBXBuildFile; fileRef = 0FFD502D2717854300F9563B /* HomeView.swift */; };
		0FFD50302717870800F9563B /* HomeCoordinator.swift in Sources */ = {isa = PBXBuildFile; fileRef = 0FFD502F2717870800F9563B /* HomeCoordinator.swift */; };
		0FFD5034271789CE00F9563B /* AccountViewController.swift in Sources */ = {isa = PBXBuildFile; fileRef = 0FFD5033271789CE00F9563B /* AccountViewController.swift */; };
		0FFD5036271789D800F9563B /* AccountView.swift in Sources */ = {isa = PBXBuildFile; fileRef = 0FFD5035271789D800F9563B /* AccountView.swift */; };
		0FFD5038271789E500F9563B /* AccountCoordinator.swift in Sources */ = {isa = PBXBuildFile; fileRef = 0FFD5037271789E500F9563B /* AccountCoordinator.swift */; };
		0FFD503A271796CF00F9563B /* Step.swift in Sources */ = {isa = PBXBuildFile; fileRef = 0FFD5039271796CF00F9563B /* Step.swift */; };
		0FFD503D2717A5CE00F9563B /* HomeTableViewCell.swift in Sources */ = {isa = PBXBuildFile; fileRef = 0FFD503C2717A5CE00F9563B /* HomeTableViewCell.swift */; };
		0FFD50402717A89800F9563B /* TransparentNavigationBar.swift in Sources */ = {isa = PBXBuildFile; fileRef = 0FFD503F2717A89800F9563B /* TransparentNavigationBar.swift */; };
/* End PBXBuildFile section */

/* Begin PBXContainerItemProxy section */
		0F704E1E270F9D0A004B897F /* PBXContainerItemProxy */ = {
			isa = PBXContainerItemProxy;
			containerPortal = 0F704DFF270F9D08004B897F /* Project object */;
			proxyType = 1;
			remoteGlobalIDString = 0F704E06270F9D08004B897F;
			remoteInfo = beBetter;
		};
/* End PBXContainerItemProxy section */

/* Begin PBXFileReference section */
		0F07C30D2827E4B800C18EE2 /* SignUpViewModel.swift */ = {isa = PBXFileReference; lastKnownFileType = sourcecode.swift; path = SignUpViewModel.swift; sourceTree = "<group>"; };
		0F07C30F2827E93B00C18EE2 /* ResetPasswordViewModel.swift */ = {isa = PBXFileReference; lastKnownFileType = sourcecode.swift; path = ResetPasswordViewModel.swift; sourceTree = "<group>"; };
		0F0A1F3B284D1F58001AFEF4 /* AlertActionType.swift */ = {isa = PBXFileReference; lastKnownFileType = sourcecode.swift; path = AlertActionType.swift; sourceTree = "<group>"; };
		0F0A1F3E284D1F90001AFEF4 /* DefaultAlertAction.swift */ = {isa = PBXFileReference; lastKnownFileType = sourcecode.swift; path = DefaultAlertAction.swift; sourceTree = "<group>"; };
		0F0A1F40284D1FB6001AFEF4 /* AlertActionStyle.swift */ = {isa = PBXFileReference; lastKnownFileType = sourcecode.swift; path = AlertActionStyle.swift; sourceTree = "<group>"; };
		0F0A1F42284D1FCF001AFEF4 /* AlertAction.swift */ = {isa = PBXFileReference; lastKnownFileType = sourcecode.swift; path = AlertAction.swift; sourceTree = "<group>"; };
		0F0A1F46284D2023001AFEF4 /* AlertConfiguration+BeBetterStyle.swift */ = {isa = PBXFileReference; lastKnownFileType = sourcecode.swift; path = "AlertConfiguration+BeBetterStyle.swift"; sourceTree = "<group>"; };
		0F0A1F48284D20D1001AFEF4 /* BeBetterAlertConfiguration.swift */ = {isa = PBXFileReference; lastKnownFileType = sourcecode.swift; path = BeBetterAlertConfiguration.swift; sourceTree = "<group>"; };
		0F0A1F4A284D2100001AFEF4 /* BeBetterAlertTextModifier.swift */ = {isa = PBXFileReference; lastKnownFileType = sourcecode.swift; path = BeBetterAlertTextModifier.swift; sourceTree = "<group>"; };
		0F0A1F4C284D215A001AFEF4 /* AlertConfiguration.swift */ = {isa = PBXFileReference; lastKnownFileType = sourcecode.swift; path = AlertConfiguration.swift; sourceTree = "<group>"; };
		0F0A1F4E284D2177001AFEF4 /* AlertTextModifier.swift */ = {isa = PBXFileReference; lastKnownFileType = sourcecode.swift; path = AlertTextModifier.swift; sourceTree = "<group>"; };
		0F0A1F50284D22E8001AFEF4 /* AlertAnimationController.swift */ = {isa = PBXFileReference; lastKnownFileType = sourcecode.swift; path = AlertAnimationController.swift; sourceTree = "<group>"; };
		0F0A1F52284D2307001AFEF4 /* AlertPresentationController.swift */ = {isa = PBXFileReference; lastKnownFileType = sourcecode.swift; path = AlertPresentationController.swift; sourceTree = "<group>"; };
		0F0A1F54284D233B001AFEF4 /* AlertView.swift */ = {isa = PBXFileReference; lastKnownFileType = sourcecode.swift; path = AlertView.swift; sourceTree = "<group>"; };
		0F0A1F56284D2371001AFEF4 /* AlertTransition.swift */ = {isa = PBXFileReference; lastKnownFileType = sourcecode.swift; path = AlertTransition.swift; sourceTree = "<group>"; };
		0F0A1F58284D2387001AFEF4 /* AlertViewController.swift */ = {isa = PBXFileReference; lastKnownFileType = sourcecode.swift; path = AlertViewController.swift; sourceTree = "<group>"; };
		0F0CAEDB2827B0080009B04D /* BaseViewModel.swift */ = {isa = PBXFileReference; lastKnownFileType = sourcecode.swift; path = BaseViewModel.swift; sourceTree = "<group>"; };
		0F0CAEDD2827B1F40009B04D /* LoginViewModel.swift */ = {isa = PBXFileReference; lastKnownFileType = sourcecode.swift; path = LoginViewModel.swift; sourceTree = "<group>"; };
		0F0CAEDF2827B95B0009B04D /* UITextField+TextPublisher.swift */ = {isa = PBXFileReference; lastKnownFileType = sourcecode.swift; path = "UITextField+TextPublisher.swift"; sourceTree = "<group>"; };
		0F0F0A602828FCD4008C3EFE /* DependencyContainer.swift */ = {isa = PBXFileReference; lastKnownFileType = sourcecode.swift; path = DependencyContainer.swift; sourceTree = "<group>"; };
		0F0F0A622828FCE8008C3EFE /* DefaultDependencyContainer.swift */ = {isa = PBXFileReference; lastKnownFileType = sourcecode.swift; path = DefaultDependencyContainer.swift; sourceTree = "<group>"; };
		0F0F0A662828FE59008C3EFE /* AuthenticationState.swift */ = {isa = PBXFileReference; lastKnownFileType = sourcecode.swift; path = AuthenticationState.swift; sourceTree = "<group>"; };
		0F0F0A682828FE6B008C3EFE /* AccountManager.swift */ = {isa = PBXFileReference; lastKnownFileType = sourcecode.swift; path = AccountManager.swift; sourceTree = "<group>"; };
		0F0F0A6A2828FE88008C3EFE /* User.swift */ = {isa = PBXFileReference; lastKnownFileType = sourcecode.swift; path = User.swift; sourceTree = "<group>"; };
		0F2C83512852555300F520D0 /* UserDefaultsManager.swift */ = {isa = PBXFileReference; lastKnownFileType = sourcecode.swift; path = UserDefaultsManager.swift; sourceTree = "<group>"; };
		0F3378602826C94F0007D95A /* ResetPasswordView.swift */ = {isa = PBXFileReference; lastKnownFileType = sourcecode.swift; path = ResetPasswordView.swift; sourceTree = "<group>"; };
		0F3378622826C9560007D95A /* ResetPasswordViewController.swift */ = {isa = PBXFileReference; lastKnownFileType = sourcecode.swift; path = ResetPasswordViewController.swift; sourceTree = "<group>"; };
		0F3378642826C95C0007D95A /* ResetPasswordCoordinator.swift */ = {isa = PBXFileReference; lastKnownFileType = sourcecode.swift; path = ResetPasswordCoordinator.swift; sourceTree = "<group>"; };
		0F47E4FD2827FF9300406546 /* TopNavigationStackContainerView.swift */ = {isa = PBXFileReference; lastKnownFileType = sourcecode.swift; path = TopNavigationStackContainerView.swift; sourceTree = "<group>"; };
		0F47E5002827FFEC00406546 /* TopNavigationScrollableContainerView.swift */ = {isa = PBXFileReference; lastKnownFileType = sourcecode.swift; path = TopNavigationScrollableContainerView.swift; sourceTree = "<group>"; };
		0F47E5022828000D00406546 /* NavigationTopView.swift */ = {isa = PBXFileReference; lastKnownFileType = sourcecode.swift; path = NavigationTopView.swift; sourceTree = "<group>"; };
		0F47E5042828002700406546 /* NavigationTopViewContainer.swift */ = {isa = PBXFileReference; lastKnownFileType = sourcecode.swift; path = NavigationTopViewContainer.swift; sourceTree = "<group>"; };
		0F6F16592800C7F500F6B97E /* GoogleService-Info.plist */ = {isa = PBXFileReference; fileEncoding = 4; lastKnownFileType = text.plist.xml; path = "GoogleService-Info.plist"; sourceTree = "<group>"; };
		0F704E07270F9D08004B897F /* beBetter.app */ = {isa = PBXFileReference; explicitFileType = wrapper.application; includeInIndex = 0; path = beBetter.app; sourceTree = BUILT_PRODUCTS_DIR; };
		0F704E0A270F9D08004B897F /* AppDelegate.swift */ = {isa = PBXFileReference; lastKnownFileType = sourcecode.swift; path = AppDelegate.swift; sourceTree = "<group>"; };
		0F704E0C270F9D08004B897F /* SceneDelegate.swift */ = {isa = PBXFileReference; lastKnownFileType = sourcecode.swift; path = SceneDelegate.swift; sourceTree = "<group>"; };
		0F704E13270F9D09004B897F /* Assets.xcassets */ = {isa = PBXFileReference; lastKnownFileType = folder.assetcatalog; path = Assets.xcassets; sourceTree = "<group>"; };
		0F704E16270F9D09004B897F /* Base */ = {isa = PBXFileReference; lastKnownFileType = file.storyboard; name = Base; path = Base.lproj/LaunchScreen.storyboard; sourceTree = "<group>"; };
		0F704E18270F9D09004B897F /* Info.plist */ = {isa = PBXFileReference; lastKnownFileType = text.plist.xml; path = Info.plist; sourceTree = "<group>"; };
		0F704E1D270F9D0A004B897F /* beBetterTests.xctest */ = {isa = PBXFileReference; explicitFileType = wrapper.cfbundle; includeInIndex = 0; path = beBetterTests.xctest; sourceTree = BUILT_PRODUCTS_DIR; };
		0F704E21270F9D0A004B897F /* beBetterTests.swift */ = {isa = PBXFileReference; lastKnownFileType = sourcecode.swift; path = beBetterTests.swift; sourceTree = "<group>"; };
		0F704E2B270F9D0A004B897F /* beBetterUITests.swift */ = {isa = PBXFileReference; lastKnownFileType = sourcecode.swift; path = beBetterUITests.swift; sourceTree = "<group>"; };
		0F704E2D270F9D0A004B897F /* beBetterUITestsLaunchTests.swift */ = {isa = PBXFileReference; lastKnownFileType = sourcecode.swift; path = beBetterUITestsLaunchTests.swift; sourceTree = "<group>"; };
		0F704E3F270F9E38004B897F /* CustomLoadedController.swift */ = {isa = PBXFileReference; lastKnownFileType = sourcecode.swift; path = CustomLoadedController.swift; sourceTree = "<group>"; };
		0F704E43270F9E72004B897F /* TextSize.swift */ = {isa = PBXFileReference; lastKnownFileType = sourcecode.swift; path = TextSize.swift; sourceTree = "<group>"; };
		0F704E47270F9EA6004B897F /* UIView+Anchors.swift */ = {isa = PBXFileReference; lastKnownFileType = sourcecode.swift; path = "UIView+Anchors.swift"; sourceTree = "<group>"; };
		0F704E49270F9EBC004B897F /* UIEdgeInsets+Equal.swift */ = {isa = PBXFileReference; lastKnownFileType = sourcecode.swift; path = "UIEdgeInsets+Equal.swift"; sourceTree = "<group>"; };
		0F704E4B270F9ED1004B897F /* CALayer+SketchShadow.swift */ = {isa = PBXFileReference; lastKnownFileType = sourcecode.swift; path = "CALayer+SketchShadow.swift"; sourceTree = "<group>"; };
		0F704E4D270F9EEE004B897F /* UINavigationItem+EmptyBack.swift */ = {isa = PBXFileReference; lastKnownFileType = sourcecode.swift; path = "UINavigationItem+EmptyBack.swift"; sourceTree = "<group>"; };
		0F704E4F270F9F48004B897F /* UIColor+SemanticAssets.swift */ = {isa = PBXFileReference; lastKnownFileType = sourcecode.swift; path = "UIColor+SemanticAssets.swift"; sourceTree = "<group>"; };
		0F704E51270F9FF9004B897F /* Colors.xcassets */ = {isa = PBXFileReference; lastKnownFileType = folder.assetcatalog; path = Colors.xcassets; sourceTree = "<group>"; };
		0F704E55270FA3A9004B897F /* KeyboardAwareCollectionView.swift */ = {isa = PBXFileReference; lastKnownFileType = sourcecode.swift; path = KeyboardAwareCollectionView.swift; sourceTree = "<group>"; };
		0F704E57270FA3D1004B897F /* KeyboardAwareScrollView.swift */ = {isa = PBXFileReference; lastKnownFileType = sourcecode.swift; path = KeyboardAwareScrollView.swift; sourceTree = "<group>"; };
		0F704E59270FA3ED004B897F /* KeyboardAwareTableView.swift */ = {isa = PBXFileReference; lastKnownFileType = sourcecode.swift; path = KeyboardAwareTableView.swift; sourceTree = "<group>"; };
		0F704E5B270FA3FF004B897F /* UIScrollView+KeyboardAwareness.swift */ = {isa = PBXFileReference; lastKnownFileType = sourcecode.swift; path = "UIScrollView+KeyboardAwareness.swift"; sourceTree = "<group>"; };
		0F704E5D270FA41A004B897F /* KeyboardAwareScrollContainerView.swift */ = {isa = PBXFileReference; lastKnownFileType = sourcecode.swift; path = KeyboardAwareScrollContainerView.swift; sourceTree = "<group>"; };
		0F704E60270FA4B0004B897F /* FloatingLabelField.swift */ = {isa = PBXFileReference; lastKnownFileType = sourcecode.swift; path = FloatingLabelField.swift; sourceTree = "<group>"; };
		0F704E62270FA4D3004B897F /* UITextField+CaretPosition.swift */ = {isa = PBXFileReference; lastKnownFileType = sourcecode.swift; path = "UITextField+CaretPosition.swift"; sourceTree = "<group>"; };
		0F704E64270FA4F4004B897F /* BeBetterTextField.swift */ = {isa = PBXFileReference; lastKnownFileType = sourcecode.swift; path = BeBetterTextField.swift; sourceTree = "<group>"; };
		0F704E6B270FAAD1004B897F /* Coordinator.swift */ = {isa = PBXFileReference; lastKnownFileType = sourcecode.swift; path = Coordinator.swift; sourceTree = "<group>"; };
		0F704E6D270FAAF4004B897F /* MainCoordinator.swift */ = {isa = PBXFileReference; lastKnownFileType = sourcecode.swift; path = MainCoordinator.swift; sourceTree = "<group>"; };
		0F704E6F270FAF48004B897F /* LoginViewController.swift */ = {isa = PBXFileReference; lastKnownFileType = sourcecode.swift; path = LoginViewController.swift; sourceTree = "<group>"; };
		0F704E71270FAF86004B897F /* LoginView.swift */ = {isa = PBXFileReference; lastKnownFileType = sourcecode.swift; path = LoginView.swift; sourceTree = "<group>"; };
		0F704E74270FC092004B897F /* PrimaryButton.swift */ = {isa = PBXFileReference; lastKnownFileType = sourcecode.swift; path = PrimaryButton.swift; sourceTree = "<group>"; };
		0F704E77270FC6A0004B897F /* AuthorizationBaseView.swift */ = {isa = PBXFileReference; lastKnownFileType = sourcecode.swift; path = AuthorizationBaseView.swift; sourceTree = "<group>"; };
		0F7DCB8228247225006EF7B1 /* SignUpView.swift */ = {isa = PBXFileReference; lastKnownFileType = sourcecode.swift; path = SignUpView.swift; sourceTree = "<group>"; };
		0F7DCB842824722F006EF7B1 /* SignUpViewController.swift */ = {isa = PBXFileReference; lastKnownFileType = sourcecode.swift; path = SignUpViewController.swift; sourceTree = "<group>"; };
		0F7DCB862824723C006EF7B1 /* SignUpCoordinator.swift */ = {isa = PBXFileReference; lastKnownFileType = sourcecode.swift; path = SignUpCoordinator.swift; sourceTree = "<group>"; };
		0F92DD1A282831AD0075A6E2 /* beBetter.entitlements */ = {isa = PBXFileReference; lastKnownFileType = text.plist.entitlements; path = beBetter.entitlements; sourceTree = "<group>"; };
		0F92DD1B282831EF0075A6E2 /* Gilroy-BoldItalic.otf */ = {isa = PBXFileReference; lastKnownFileType = file; path = "Gilroy-BoldItalic.otf"; sourceTree = "<group>"; };
		0F92DD1C282831EF0075A6E2 /* Gilroy-Heavy.otf */ = {isa = PBXFileReference; lastKnownFileType = file; path = "Gilroy-Heavy.otf"; sourceTree = "<group>"; };
		0F92DD1D282831EF0075A6E2 /* Gilroy-MediumItalic.otf */ = {isa = PBXFileReference; lastKnownFileType = file; path = "Gilroy-MediumItalic.otf"; sourceTree = "<group>"; };
		0F92DD1E282831EF0075A6E2 /* Gilroy-SemiBoldItalic.otf */ = {isa = PBXFileReference; lastKnownFileType = file; path = "Gilroy-SemiBoldItalic.otf"; sourceTree = "<group>"; };
		0F92DD1F282831EF0075A6E2 /* Gilroy-HeavyItalic.otf */ = {isa = PBXFileReference; lastKnownFileType = file; path = "Gilroy-HeavyItalic.otf"; sourceTree = "<group>"; };
		0F92DD20282831EF0075A6E2 /* Gilroy-Thin.otf */ = {isa = PBXFileReference; lastKnownFileType = file; path = "Gilroy-Thin.otf"; sourceTree = "<group>"; };
		0F92DD21282831EF0075A6E2 /* Gilroy-Light.otf */ = {isa = PBXFileReference; lastKnownFileType = file; path = "Gilroy-Light.otf"; sourceTree = "<group>"; };
		0F92DD22282831EF0075A6E2 /* Gilroy-Bold.otf */ = {isa = PBXFileReference; lastKnownFileType = file; path = "Gilroy-Bold.otf"; sourceTree = "<group>"; };
		0F92DD23282831EF0075A6E2 /* Gilroy-ExtraBold.otf */ = {isa = PBXFileReference; lastKnownFileType = file; path = "Gilroy-ExtraBold.otf"; sourceTree = "<group>"; };
		0F92DD24282831EF0075A6E2 /* Gilroy-Black.otf */ = {isa = PBXFileReference; lastKnownFileType = file; path = "Gilroy-Black.otf"; sourceTree = "<group>"; };
		0F92DD25282831EF0075A6E2 /* Gilroy-LightItalic.otf */ = {isa = PBXFileReference; lastKnownFileType = file; path = "Gilroy-LightItalic.otf"; sourceTree = "<group>"; };
		0F92DD26282831EF0075A6E2 /* Gilroy-Medium.otf */ = {isa = PBXFileReference; lastKnownFileType = file; path = "Gilroy-Medium.otf"; sourceTree = "<group>"; };
		0F92DD27282831EF0075A6E2 /* Gilroy-ExtraBoldItalic.otf */ = {isa = PBXFileReference; lastKnownFileType = file; path = "Gilroy-ExtraBoldItalic.otf"; sourceTree = "<group>"; };
		0F92DD28282831EF0075A6E2 /* Gilroy-BlackItalic.otf */ = {isa = PBXFileReference; lastKnownFileType = file; path = "Gilroy-BlackItalic.otf"; sourceTree = "<group>"; };
		0F92DD29282831EF0075A6E2 /* Gilroy-RegularItalic.otf */ = {isa = PBXFileReference; lastKnownFileType = file; path = "Gilroy-RegularItalic.otf"; sourceTree = "<group>"; };
		0F92DD2A282831F00075A6E2 /* Gilroy-Regular.otf */ = {isa = PBXFileReference; lastKnownFileType = file; path = "Gilroy-Regular.otf"; sourceTree = "<group>"; };
		0F92DD2B282831F00075A6E2 /* Gilroy-SemiBold.otf */ = {isa = PBXFileReference; lastKnownFileType = file; path = "Gilroy-SemiBold.otf"; sourceTree = "<group>"; };
		0F92DD2C282831F00075A6E2 /* Gilroy-ThinItalic.otf */ = {isa = PBXFileReference; lastKnownFileType = file; path = "Gilroy-ThinItalic.otf"; sourceTree = "<group>"; };
		0F92DD2D282831F00075A6E2 /* Gilroy-UltraLight.otf */ = {isa = PBXFileReference; lastKnownFileType = file; path = "Gilroy-UltraLight.otf"; sourceTree = "<group>"; };
		0F92DD2E282831F00075A6E2 /* Gilroy-UltraLightItalic.otf */ = {isa = PBXFileReference; lastKnownFileType = file; path = "Gilroy-UltraLightItalic.otf"; sourceTree = "<group>"; };
		0F92DD43282836F00075A6E2 /* UIFont+Name.swift */ = {isa = PBXFileReference; lastKnownFileType = sourcecode.swift; path = "UIFont+Name.swift"; sourceTree = "<group>"; };
		0FB70B792811A26100DFA48B /* ExportOptions.plist */ = {isa = PBXFileReference; lastKnownFileType = text.plist.xml; path = ExportOptions.plist; sourceTree = "<group>"; };
		0FE403242852637A00A10C36 /* AccountViewModel.swift */ = {isa = PBXFileReference; lastKnownFileType = sourcecode.swift; path = AccountViewModel.swift; sourceTree = "<group>"; };
		0FFD500F27177E4B00F9563B /* Router.swift */ = {isa = PBXFileReference; lastKnownFileType = sourcecode.swift; path = Router.swift; sourceTree = "<group>"; };
		0FFD501127177EA900F9563B /* RouterProtocol.swift */ = {isa = PBXFileReference; lastKnownFileType = sourcecode.swift; path = RouterProtocol.swift; sourceTree = "<group>"; };
		0FFD501327177ECD00F9563B /* RoutableProtocol.swift */ = {isa = PBXFileReference; lastKnownFileType = sourcecode.swift; path = RoutableProtocol.swift; sourceTree = "<group>"; };
		0FFD501527177F0700F9563B /* UINavigationController+Combine.swift */ = {isa = PBXFileReference; lastKnownFileType = sourcecode.swift; path = "UINavigationController+Combine.swift"; sourceTree = "<group>"; };
		0FFD501727177F2300F9563B /* ReleaseHandler.swift */ = {isa = PBXFileReference; lastKnownFileType = sourcecode.swift; path = ReleaseHandler.swift; sourceTree = "<group>"; };
		0FFD501927177F4E00F9563B /* BaseViewController.swift */ = {isa = PBXFileReference; lastKnownFileType = sourcecode.swift; path = BaseViewController.swift; sourceTree = "<group>"; };
		0FFD501C27177FB500F9563B /* Combine+Lock.swift */ = {isa = PBXFileReference; lastKnownFileType = sourcecode.swift; path = "Combine+Lock.swift"; sourceTree = "<group>"; };
		0FFD501E27177FC900F9563B /* Combine+Util.swift */ = {isa = PBXFileReference; lastKnownFileType = sourcecode.swift; path = "Combine+Util.swift"; sourceTree = "<group>"; };
		0FFD50202717801400F9563B /* TakeUntil.swift */ = {isa = PBXFileReference; lastKnownFileType = sourcecode.swift; path = TakeUntil.swift; sourceTree = "<group>"; };
		0FFD50222717804400F9563B /* DemandableSubscriber.swift */ = {isa = PBXFileReference; lastKnownFileType = sourcecode.swift; path = DemandableSubscriber.swift; sourceTree = "<group>"; };
		0FFD5024271780B300F9563B /* LoginCoordinator.swift */ = {isa = PBXFileReference; lastKnownFileType = sourcecode.swift; path = LoginCoordinator.swift; sourceTree = "<group>"; };
		0FFD50272717842500F9563B /* TabBarCoordinator.swift */ = {isa = PBXFileReference; lastKnownFileType = sourcecode.swift; path = TabBarCoordinator.swift; sourceTree = "<group>"; };
		0FFD502B2717852600F9563B /* HomeViewController.swift */ = {isa = PBXFileReference; lastKnownFileType = sourcecode.swift; path = HomeViewController.swift; sourceTree = "<group>"; };
		0FFD502D2717854300F9563B /* HomeView.swift */ = {isa = PBXFileReference; lastKnownFileType = sourcecode.swift; path = HomeView.swift; sourceTree = "<group>"; };
		0FFD502F2717870800F9563B /* HomeCoordinator.swift */ = {isa = PBXFileReference; lastKnownFileType = sourcecode.swift; path = HomeCoordinator.swift; sourceTree = "<group>"; };
		0FFD5033271789CE00F9563B /* AccountViewController.swift */ = {isa = PBXFileReference; lastKnownFileType = sourcecode.swift; path = AccountViewController.swift; sourceTree = "<group>"; };
		0FFD5035271789D800F9563B /* AccountView.swift */ = {isa = PBXFileReference; lastKnownFileType = sourcecode.swift; path = AccountView.swift; sourceTree = "<group>"; };
		0FFD5037271789E500F9563B /* AccountCoordinator.swift */ = {isa = PBXFileReference; lastKnownFileType = sourcecode.swift; path = AccountCoordinator.swift; sourceTree = "<group>"; };
		0FFD5039271796CF00F9563B /* Step.swift */ = {isa = PBXFileReference; lastKnownFileType = sourcecode.swift; path = Step.swift; sourceTree = "<group>"; };
		0FFD503C2717A5CE00F9563B /* HomeTableViewCell.swift */ = {isa = PBXFileReference; lastKnownFileType = sourcecode.swift; path = HomeTableViewCell.swift; sourceTree = "<group>"; };
		0FFD503F2717A89800F9563B /* TransparentNavigationBar.swift */ = {isa = PBXFileReference; lastKnownFileType = sourcecode.swift; path = TransparentNavigationBar.swift; sourceTree = "<group>"; };
/* End PBXFileReference section */

/* Begin PBXFrameworksBuildPhase section */
		0F704E04270F9D08004B897F /* Frameworks */ = {
			isa = PBXFrameworksBuildPhase;
			buildActionMask = 2147483647;
			files = (
				0F48A0572828258C0090AAEE /* FirebaseAnalyticsWithoutAdIdSupport in Frameworks */,
				0F0A1F37284CF116001AFEF4 /* FirebaseAuth in Frameworks */,
				0F48A059282825930090AAEE /* FirebaseAppDistribution-Beta in Frameworks */,
				0F0A1F39284CF116001AFEF4 /* FirebaseAuthCombine-Community in Frameworks */,
			);
			runOnlyForDeploymentPostprocessing = 0;
		};
		0F704E1A270F9D0A004B897F /* Frameworks */ = {
			isa = PBXFrameworksBuildPhase;
			buildActionMask = 2147483647;
			files = (
			);
			runOnlyForDeploymentPostprocessing = 0;
		};
/* End PBXFrameworksBuildPhase section */

/* Begin PBXGroup section */
		0F0A1F3A284D1F33001AFEF4 /* AlertViewController */ = {
			isa = PBXGroup;
			children = (
				0F0A1F44284D1FEF001AFEF4 /* AlertConfiguration */,
				0F0A1F3D284D1F84001AFEF4 /* AlertAction */,
				0F0A1F50284D22E8001AFEF4 /* AlertAnimationController.swift */,
				0F0A1F52284D2307001AFEF4 /* AlertPresentationController.swift */,
				0F0A1F56284D2371001AFEF4 /* AlertTransition.swift */,
				0F0A1F58284D2387001AFEF4 /* AlertViewController.swift */,
			);
			path = AlertViewController;
			sourceTree = "<group>";
		};
		0F0A1F3D284D1F84001AFEF4 /* AlertAction */ = {
			isa = PBXGroup;
			children = (
				0F0A1F3B284D1F58001AFEF4 /* AlertActionType.swift */,
				0F0A1F3E284D1F90001AFEF4 /* DefaultAlertAction.swift */,
				0F0A1F40284D1FB6001AFEF4 /* AlertActionStyle.swift */,
				0F0A1F42284D1FCF001AFEF4 /* AlertAction.swift */,
				0F0A1F54284D233B001AFEF4 /* AlertView.swift */,
			);
			path = AlertAction;
			sourceTree = "<group>";
		};
		0F0A1F44284D1FEF001AFEF4 /* AlertConfiguration */ = {
			isa = PBXGroup;
			children = (
				0F0A1F45284D2004001AFEF4 /* BeBetterStyling */,
				0F0A1F4C284D215A001AFEF4 /* AlertConfiguration.swift */,
				0F0A1F4E284D2177001AFEF4 /* AlertTextModifier.swift */,
			);
			path = AlertConfiguration;
			sourceTree = "<group>";
		};
		0F0A1F45284D2004001AFEF4 /* BeBetterStyling */ = {
			isa = PBXGroup;
			children = (
				0F0A1F46284D2023001AFEF4 /* AlertConfiguration+BeBetterStyle.swift */,
				0F0A1F48284D20D1001AFEF4 /* BeBetterAlertConfiguration.swift */,
				0F0A1F4A284D2100001AFEF4 /* BeBetterAlertTextModifier.swift */,
			);
			path = BeBetterStyling;
			sourceTree = "<group>";
		};
		0F0CAEDA2827AF7B0009B04D /* Models */ = {
			isa = PBXGroup;
			children = (
			);
			path = Models;
			sourceTree = "<group>";
		};
		0F0F0A642828FE3F008C3EFE /* Repository */ = {
			isa = PBXGroup;
			children = (
				0F2C8350285254F700F520D0 /* UserDefaultsManager */,
				0F0F0A652828FE4A008C3EFE /* AccountManager */,
			);
			path = Repository;
			sourceTree = "<group>";
		};
		0F0F0A652828FE4A008C3EFE /* AccountManager */ = {
			isa = PBXGroup;
			children = (
				0F0F0A662828FE59008C3EFE /* AuthenticationState.swift */,
				0F0F0A682828FE6B008C3EFE /* AccountManager.swift */,
				0F0F0A6A2828FE88008C3EFE /* User.swift */,
			);
			path = AccountManager;
			sourceTree = "<group>";
		};
		0F2C8350285254F700F520D0 /* UserDefaultsManager */ = {
			isa = PBXGroup;
			children = (
				0F2C83512852555300F520D0 /* UserDefaultsManager.swift */,
			);
			path = UserDefaultsManager;
			sourceTree = "<group>";
		};
		0F33785F2826C9360007D95A /* ResetPassword */ = {
			isa = PBXGroup;
			children = (
				0F3378602826C94F0007D95A /* ResetPasswordView.swift */,
				0F3378622826C9560007D95A /* ResetPasswordViewController.swift */,
				0F3378642826C95C0007D95A /* ResetPasswordCoordinator.swift */,
				0F07C30F2827E93B00C18EE2 /* ResetPasswordViewModel.swift */,
			);
			path = ResetPassword;
			sourceTree = "<group>";
		};
		0F47E4FC2827FF7D00406546 /* TopNavigationStackContainerView */ = {
			isa = PBXGroup;
			children = (
				0F47E4FD2827FF9300406546 /* TopNavigationStackContainerView.swift */,
			);
			path = TopNavigationStackContainerView;
			sourceTree = "<group>";
		};
		0F47E4FF2827FFC200406546 /* NavigationBackgroundView */ = {
			isa = PBXGroup;
			children = (
				0F47E5002827FFEC00406546 /* TopNavigationScrollableContainerView.swift */,
				0F47E5022828000D00406546 /* NavigationTopView.swift */,
				0F47E5042828002700406546 /* NavigationTopViewContainer.swift */,
			);
			path = NavigationBackgroundView;
			sourceTree = "<group>";
		};
		0F48A0552828258C0090AAEE /* Frameworks */ = {
			isa = PBXGroup;
			children = (
			);
			name = Frameworks;
			sourceTree = "<group>";
		};
		0F704DFE270F9D08004B897F = {
			isa = PBXGroup;
			children = (
				0F704E09270F9D08004B897F /* beBetter */,
				0F704E20270F9D0A004B897F /* beBetterTests */,
				0F704E2A270F9D0A004B897F /* beBetterUITests */,
				0F704E08270F9D08004B897F /* Products */,
				0F48A0552828258C0090AAEE /* Frameworks */,
			);
			sourceTree = "<group>";
		};
		0F704E08270F9D08004B897F /* Products */ = {
			isa = PBXGroup;
			children = (
				0F704E07270F9D08004B897F /* beBetter.app */,
				0F704E1D270F9D0A004B897F /* beBetterTests.xctest */,
			);
			name = Products;
			sourceTree = "<group>";
		};
		0F704E09270F9D08004B897F /* beBetter */ = {
			isa = PBXGroup;
			children = (
				0F0F0A642828FE3F008C3EFE /* Repository */,
				0F92DD1A282831AD0075A6E2 /* beBetter.entitlements */,
				0F0CAEDA2827AF7B0009B04D /* Models */,
				0F704E69270FAABA004B897F /* Navigation */,
				0F704E66270FA814004B897F /* Scenes */,
				0F704E53270FA38A004B897F /* Components */,
				0F704E3D270F9E05004B897F /* Utils */,
				0F704E3C270F9DB7004B897F /* DepenndencyContainer */,
				0F704E3B270F9D7A004B897F /* App */,
				0F704E3A270F9D3F004B897F /* Resources */,
			);
			path = beBetter;
			sourceTree = "<group>";
		};
		0F704E20270F9D0A004B897F /* beBetterTests */ = {
			isa = PBXGroup;
			children = (
				0F704E21270F9D0A004B897F /* beBetterTests.swift */,
			);
			path = beBetterTests;
			sourceTree = "<group>";
		};
		0F704E2A270F9D0A004B897F /* beBetterUITests */ = {
			isa = PBXGroup;
			children = (
				0F704E2B270F9D0A004B897F /* beBetterUITests.swift */,
				0F704E2D270F9D0A004B897F /* beBetterUITestsLaunchTests.swift */,
			);
			path = beBetterUITests;
			sourceTree = "<group>";
		};
		0F704E3A270F9D3F004B897F /* Resources */ = {
			isa = PBXGroup;
			children = (
				0F92DCF128282FB90075A6E2 /* Fonts */,
				0F6F16592800C7F500F6B97E /* GoogleService-Info.plist */,
				0F704E13270F9D09004B897F /* Assets.xcassets */,
				0F704E15270F9D09004B897F /* LaunchScreen.storyboard */,
				0F704E18270F9D09004B897F /* Info.plist */,
				0F704E51270F9FF9004B897F /* Colors.xcassets */,
				0FB70B792811A26100DFA48B /* ExportOptions.plist */,
			);
			path = Resources;
			sourceTree = "<group>";
		};
		0F704E3B270F9D7A004B897F /* App */ = {
			isa = PBXGroup;
			children = (
				0F704E0A270F9D08004B897F /* AppDelegate.swift */,
				0F704E0C270F9D08004B897F /* SceneDelegate.swift */,
			);
			path = App;
			sourceTree = "<group>";
		};
		0F704E3C270F9DB7004B897F /* DepenndencyContainer */ = {
			isa = PBXGroup;
			children = (
				0F0F0A602828FCD4008C3EFE /* DependencyContainer.swift */,
				0F0F0A622828FCE8008C3EFE /* DefaultDependencyContainer.swift */,
			);
			path = DepenndencyContainer;
			sourceTree = "<group>";
		};
		0F704E3D270F9E05004B897F /* Utils */ = {
			isa = PBXGroup;
			children = (
				0FFD501B27177FA500F9563B /* Combine */,
				0F704E45270F9E8F004B897F /* Extensions */,
				0F704E42270F9E67004B897F /* TextSize */,
				0F704E3E270F9E2C004B897F /* Protocols */,
			);
			path = Utils;
			sourceTree = "<group>";
		};
		0F704E3E270F9E2C004B897F /* Protocols */ = {
			isa = PBXGroup;
			children = (
				0F704E3F270F9E38004B897F /* CustomLoadedController.swift */,
			);
			path = Protocols;
			sourceTree = "<group>";
		};
		0F704E42270F9E67004B897F /* TextSize */ = {
			isa = PBXGroup;
			children = (
				0F704E43270F9E72004B897F /* TextSize.swift */,
			);
			path = TextSize;
			sourceTree = "<group>";
		};
		0F704E45270F9E8F004B897F /* Extensions */ = {
			isa = PBXGroup;
			children = (
				0F704E46270F9E98004B897F /* UIKit */,
			);
			path = Extensions;
			sourceTree = "<group>";
		};
		0F704E46270F9E98004B897F /* UIKit */ = {
			isa = PBXGroup;
			children = (
				0F704E47270F9EA6004B897F /* UIView+Anchors.swift */,
				0F704E49270F9EBC004B897F /* UIEdgeInsets+Equal.swift */,
				0F704E4B270F9ED1004B897F /* CALayer+SketchShadow.swift */,
				0F704E4D270F9EEE004B897F /* UINavigationItem+EmptyBack.swift */,
				0F704E4F270F9F48004B897F /* UIColor+SemanticAssets.swift */,
				0F0CAEDF2827B95B0009B04D /* UITextField+TextPublisher.swift */,
				0F92DD43282836F00075A6E2 /* UIFont+Name.swift */,
			);
			path = UIKit;
			sourceTree = "<group>";
		};
		0F704E53270FA38A004B897F /* Components */ = {
			isa = PBXGroup;
			children = (
				0F0A1F3A284D1F33001AFEF4 /* AlertViewController */,
				0F47E4FF2827FFC200406546 /* NavigationBackgroundView */,
				0F47E4FC2827FF7D00406546 /* TopNavigationStackContainerView */,
				0FFD503E2717A89100F9563B /* TransparentNavigationBar */,
				0FFD503B2717A5A800F9563B /* HomeView */,
				0F704E76270FC698004B897F /* AuthorizationBaseView */,
				0F704E73270FC082004B897F /* Buttons */,
				0F704E5F270FA4A2004B897F /* FloatingLabelField */,
				0F704E54270FA398004B897F /* KeyboardAwareScrollViews */,
			);
			path = Components;
			sourceTree = "<group>";
		};
		0F704E54270FA398004B897F /* KeyboardAwareScrollViews */ = {
			isa = PBXGroup;
			children = (
				0F704E5B270FA3FF004B897F /* UIScrollView+KeyboardAwareness.swift */,
				0F704E55270FA3A9004B897F /* KeyboardAwareCollectionView.swift */,
				0F704E57270FA3D1004B897F /* KeyboardAwareScrollView.swift */,
				0F704E59270FA3ED004B897F /* KeyboardAwareTableView.swift */,
				0F704E5D270FA41A004B897F /* KeyboardAwareScrollContainerView.swift */,
			);
			path = KeyboardAwareScrollViews;
			sourceTree = "<group>";
		};
		0F704E5F270FA4A2004B897F /* FloatingLabelField */ = {
			isa = PBXGroup;
			children = (
				0F704E60270FA4B0004B897F /* FloatingLabelField.swift */,
				0F704E62270FA4D3004B897F /* UITextField+CaretPosition.swift */,
				0F704E64270FA4F4004B897F /* BeBetterTextField.swift */,
			);
			path = FloatingLabelField;
			sourceTree = "<group>";
		};
		0F704E66270FA814004B897F /* Scenes */ = {
			isa = PBXGroup;
			children = (
				0FFD502A2717850E00F9563B /* Account */,
				0FFD50292717850500F9563B /* Home */,
				0FFD5026271783FC00F9563B /* TabBar */,
				0F704E67270FA81D004B897F /* Onboarding */,
			);
			path = Scenes;
			sourceTree = "<group>";
		};
		0F704E67270FA81D004B897F /* Onboarding */ = {
			isa = PBXGroup;
			children = (
				0F33785F2826C9360007D95A /* ResetPassword */,
				0F7DCB8128247210006EF7B1 /* SignUp */,
				0F704E68270FA83D004B897F /* Login */,
			);
			path = Onboarding;
			sourceTree = "<group>";
		};
		0F704E68270FA83D004B897F /* Login */ = {
			isa = PBXGroup;
			children = (
				0F704E6F270FAF48004B897F /* LoginViewController.swift */,
				0F704E71270FAF86004B897F /* LoginView.swift */,
				0FFD5024271780B300F9563B /* LoginCoordinator.swift */,
				0F0CAEDD2827B1F40009B04D /* LoginViewModel.swift */,
			);
			path = Login;
			sourceTree = "<group>";
		};
		0F704E69270FAABA004B897F /* Navigation */ = {
			isa = PBXGroup;
			children = (
				0FFD500E27177E3B00F9563B /* Router */,
				0F704E6A270FAAC2004B897F /* Coordinator */,
			);
			path = Navigation;
			sourceTree = "<group>";
		};
		0F704E6A270FAAC2004B897F /* Coordinator */ = {
			isa = PBXGroup;
			children = (
				0F704E6B270FAAD1004B897F /* Coordinator.swift */,
				0F704E6D270FAAF4004B897F /* MainCoordinator.swift */,
			);
			path = Coordinator;
			sourceTree = "<group>";
		};
		0F704E73270FC082004B897F /* Buttons */ = {
			isa = PBXGroup;
			children = (
				0F704E74270FC092004B897F /* PrimaryButton.swift */,
			);
			path = Buttons;
			sourceTree = "<group>";
		};
		0F704E76270FC698004B897F /* AuthorizationBaseView */ = {
			isa = PBXGroup;
			children = (
				0F704E77270FC6A0004B897F /* AuthorizationBaseView.swift */,
			);
			path = AuthorizationBaseView;
			sourceTree = "<group>";
		};
		0F7DCB8128247210006EF7B1 /* SignUp */ = {
			isa = PBXGroup;
			children = (
				0F7DCB8228247225006EF7B1 /* SignUpView.swift */,
				0F7DCB842824722F006EF7B1 /* SignUpViewController.swift */,
				0F7DCB862824723C006EF7B1 /* SignUpCoordinator.swift */,
				0F07C30D2827E4B800C18EE2 /* SignUpViewModel.swift */,
			);
			path = SignUp;
			sourceTree = "<group>";
		};
		0F92DCF128282FB90075A6E2 /* Fonts */ = {
			isa = PBXGroup;
			children = (
				0F92DD24282831EF0075A6E2 /* Gilroy-Black.otf */,
				0F92DD28282831EF0075A6E2 /* Gilroy-BlackItalic.otf */,
				0F92DD22282831EF0075A6E2 /* Gilroy-Bold.otf */,
				0F92DD1B282831EF0075A6E2 /* Gilroy-BoldItalic.otf */,
				0F92DD23282831EF0075A6E2 /* Gilroy-ExtraBold.otf */,
				0F92DD27282831EF0075A6E2 /* Gilroy-ExtraBoldItalic.otf */,
				0F92DD1C282831EF0075A6E2 /* Gilroy-Heavy.otf */,
				0F92DD1F282831EF0075A6E2 /* Gilroy-HeavyItalic.otf */,
				0F92DD21282831EF0075A6E2 /* Gilroy-Light.otf */,
				0F92DD25282831EF0075A6E2 /* Gilroy-LightItalic.otf */,
				0F92DD26282831EF0075A6E2 /* Gilroy-Medium.otf */,
				0F92DD1D282831EF0075A6E2 /* Gilroy-MediumItalic.otf */,
				0F92DD2A282831F00075A6E2 /* Gilroy-Regular.otf */,
				0F92DD29282831EF0075A6E2 /* Gilroy-RegularItalic.otf */,
				0F92DD2B282831F00075A6E2 /* Gilroy-SemiBold.otf */,
				0F92DD1E282831EF0075A6E2 /* Gilroy-SemiBoldItalic.otf */,
				0F92DD20282831EF0075A6E2 /* Gilroy-Thin.otf */,
				0F92DD2C282831F00075A6E2 /* Gilroy-ThinItalic.otf */,
				0F92DD2D282831F00075A6E2 /* Gilroy-UltraLight.otf */,
				0F92DD2E282831F00075A6E2 /* Gilroy-UltraLightItalic.otf */,
			);
			path = Fonts;
			sourceTree = "<group>";
		};
		0FFD500E27177E3B00F9563B /* Router */ = {
			isa = PBXGroup;
			children = (
				0FFD500F27177E4B00F9563B /* Router.swift */,
				0FFD501127177EA900F9563B /* RouterProtocol.swift */,
				0FFD501327177ECD00F9563B /* RoutableProtocol.swift */,
				0FFD501527177F0700F9563B /* UINavigationController+Combine.swift */,
				0FFD501727177F2300F9563B /* ReleaseHandler.swift */,
				0FFD501927177F4E00F9563B /* BaseViewController.swift */,
				0FFD5039271796CF00F9563B /* Step.swift */,
				0F0CAEDB2827B0080009B04D /* BaseViewModel.swift */,
			);
			path = Router;
			sourceTree = "<group>";
		};
		0FFD501B27177FA500F9563B /* Combine */ = {
			isa = PBXGroup;
			children = (
				0FFD501C27177FB500F9563B /* Combine+Lock.swift */,
				0FFD501E27177FC900F9563B /* Combine+Util.swift */,
				0FFD50202717801400F9563B /* TakeUntil.swift */,
				0FFD50222717804400F9563B /* DemandableSubscriber.swift */,
			);
			path = Combine;
			sourceTree = "<group>";
		};
		0FFD5026271783FC00F9563B /* TabBar */ = {
			isa = PBXGroup;
			children = (
				0FFD50272717842500F9563B /* TabBarCoordinator.swift */,
			);
			path = TabBar;
			sourceTree = "<group>";
		};
		0FFD50292717850500F9563B /* Home */ = {
			isa = PBXGroup;
			children = (
				0FFD502B2717852600F9563B /* HomeViewController.swift */,
				0FFD502D2717854300F9563B /* HomeView.swift */,
				0FFD502F2717870800F9563B /* HomeCoordinator.swift */,
			);
			path = Home;
			sourceTree = "<group>";
		};
		0FFD502A2717850E00F9563B /* Account */ = {
			isa = PBXGroup;
			children = (
				0FFD5033271789CE00F9563B /* AccountViewController.swift */,
				0FFD5035271789D800F9563B /* AccountView.swift */,
				0FFD5037271789E500F9563B /* AccountCoordinator.swift */,
				0FE403242852637A00A10C36 /* AccountViewModel.swift */,
			);
			path = Account;
			sourceTree = "<group>";
		};
		0FFD503B2717A5A800F9563B /* HomeView */ = {
			isa = PBXGroup;
			children = (
				0FFD503C2717A5CE00F9563B /* HomeTableViewCell.swift */,
			);
			path = HomeView;
			sourceTree = "<group>";
		};
		0FFD503E2717A89100F9563B /* TransparentNavigationBar */ = {
			isa = PBXGroup;
			children = (
				0FFD503F2717A89800F9563B /* TransparentNavigationBar.swift */,
			);
			path = TransparentNavigationBar;
			sourceTree = "<group>";
		};
/* End PBXGroup section */

/* Begin PBXNativeTarget section */
		0F704E06270F9D08004B897F /* beBetter */ = {
			isa = PBXNativeTarget;
			buildConfigurationList = 0F704E31270F9D0A004B897F /* Build configuration list for PBXNativeTarget "beBetter" */;
			buildPhases = (
				0F704E03270F9D08004B897F /* Sources */,
				0FF16D6228087F9200057FBC /* ShellScript */,
				0F704E04270F9D08004B897F /* Frameworks */,
				0F704E05270F9D08004B897F /* Resources */,
			);
			buildRules = (
			);
			dependencies = (
			);
			name = beBetter;
			packageProductDependencies = (
				0F48A0562828258C0090AAEE /* FirebaseAnalyticsWithoutAdIdSupport */,
				0F48A058282825930090AAEE /* FirebaseAppDistribution-Beta */,
				0F0A1F36284CF116001AFEF4 /* FirebaseAuth */,
				0F0A1F38284CF116001AFEF4 /* FirebaseAuthCombine-Community */,
			);
			productName = beBetter;
			productReference = 0F704E07270F9D08004B897F /* beBetter.app */;
			productType = "com.apple.product-type.application";
		};
		0F704E1C270F9D0A004B897F /* beBetterTests */ = {
			isa = PBXNativeTarget;
			buildConfigurationList = 0F704E34270F9D0A004B897F /* Build configuration list for PBXNativeTarget "beBetterTests" */;
			buildPhases = (
				0F704E19270F9D0A004B897F /* Sources */,
				0F704E1A270F9D0A004B897F /* Frameworks */,
				0F704E1B270F9D0A004B897F /* Resources */,
			);
			buildRules = (
			);
			dependencies = (
				0F704E1F270F9D0A004B897F /* PBXTargetDependency */,
			);
			name = beBetterTests;
			productName = beBetterTests;
			productReference = 0F704E1D270F9D0A004B897F /* beBetterTests.xctest */;
			productType = "com.apple.product-type.bundle.unit-test";
		};
/* End PBXNativeTarget section */

/* Begin PBXProject section */
		0F704DFF270F9D08004B897F /* Project object */ = {
			isa = PBXProject;
			attributes = {
				BuildIndependentTargetsInParallel = 1;
				LastSwiftUpdateCheck = 1300;
				LastUpgradeCheck = 1300;
				TargetAttributes = {
					0F704E06270F9D08004B897F = {
						CreatedOnToolsVersion = 13.0;
					};
					0F704E1C270F9D0A004B897F = {
						CreatedOnToolsVersion = 13.0;
						TestTargetID = 0F704E06270F9D08004B897F;
					};
				};
			};
			buildConfigurationList = 0F704E02270F9D08004B897F /* Build configuration list for PBXProject "beBetter" */;
			compatibilityVersion = "Xcode 13.0";
			developmentRegion = en;
			hasScannedForEncodings = 0;
			knownRegions = (
				en,
				Base,
			);
			mainGroup = 0F704DFE270F9D08004B897F;
			packageReferences = (
				0FBB52FF282712BE008FDB4E /* XCRemoteSwiftPackageReference "firebase-ios-sdk" */,
			);
			productRefGroup = 0F704E08270F9D08004B897F /* Products */;
			projectDirPath = "";
			projectRoot = "";
			targets = (
				0F704E06270F9D08004B897F /* beBetter */,
				0F704E1C270F9D0A004B897F /* beBetterTests */,
			);
		};
/* End PBXProject section */

/* Begin PBXResourcesBuildPhase section */
		0F704E05270F9D08004B897F /* Resources */ = {
			isa = PBXResourcesBuildPhase;
			buildActionMask = 2147483647;
			files = (
				0F92DD3E282831F00075A6E2 /* Gilroy-Regular.otf in Resources */,
				0F92DD36282831F00075A6E2 /* Gilroy-Bold.otf in Resources */,
				0F92DD42282831F00075A6E2 /* Gilroy-UltraLightItalic.otf in Resources */,
				0F92DD3B282831F00075A6E2 /* Gilroy-ExtraBoldItalic.otf in Resources */,
				0F92DD37282831F00075A6E2 /* Gilroy-ExtraBold.otf in Resources */,
				0F92DD31282831F00075A6E2 /* Gilroy-MediumItalic.otf in Resources */,
				0F92DD32282831F00075A6E2 /* Gilroy-SemiBoldItalic.otf in Resources */,
				0F92DD35282831F00075A6E2 /* Gilroy-Light.otf in Resources */,
				0F704E52270F9FF9004B897F /* Colors.xcassets in Resources */,
				0F92DD3F282831F00075A6E2 /* Gilroy-SemiBold.otf in Resources */,
				0F92DD34282831F00075A6E2 /* Gilroy-Thin.otf in Resources */,
				0FB70B7A2811A26100DFA48B /* ExportOptions.plist in Resources */,
				0F92DD3C282831F00075A6E2 /* Gilroy-BlackItalic.otf in Resources */,
				0F92DD40282831F00075A6E2 /* Gilroy-ThinItalic.otf in Resources */,
				0F92DD38282831F00075A6E2 /* Gilroy-Black.otf in Resources */,
				0F92DD30282831F00075A6E2 /* Gilroy-Heavy.otf in Resources */,
				0F92DD2F282831F00075A6E2 /* Gilroy-BoldItalic.otf in Resources */,
				0F6F165A2800C7F500F6B97E /* GoogleService-Info.plist in Resources */,
				0F92DD3A282831F00075A6E2 /* Gilroy-Medium.otf in Resources */,
				0F704E17270F9D09004B897F /* LaunchScreen.storyboard in Resources */,
				0F704E14270F9D09004B897F /* Assets.xcassets in Resources */,
				0F92DD39282831F00075A6E2 /* Gilroy-LightItalic.otf in Resources */,
				0F92DD3D282831F00075A6E2 /* Gilroy-RegularItalic.otf in Resources */,
				0F92DD33282831F00075A6E2 /* Gilroy-HeavyItalic.otf in Resources */,
				0F92DD41282831F00075A6E2 /* Gilroy-UltraLight.otf in Resources */,
			);
			runOnlyForDeploymentPostprocessing = 0;
		};
		0F704E1B270F9D0A004B897F /* Resources */ = {
			isa = PBXResourcesBuildPhase;
			buildActionMask = 2147483647;
			files = (
			);
			runOnlyForDeploymentPostprocessing = 0;
		};
/* End PBXResourcesBuildPhase section */

/* Begin PBXShellScriptBuildPhase section */
		0FF16D6228087F9200057FBC /* ShellScript */ = {
			isa = PBXShellScriptBuildPhase;
			buildActionMask = 2147483647;
			files = (
			);
			inputFileListPaths = (
			);
			inputPaths = (
			);
			outputFileListPaths = (
			);
			outputPaths = (
			);
			runOnlyForDeploymentPostprocessing = 0;
			shellPath = /bin/sh;
			shellScript = "if which swiftlint >/dev/null; then\n  swiftlint\nelse\n  echo \"warning: SwiftLint not installed, download from https://github.com/realm/SwiftLint\"\nfi\n";
		};
/* End PBXShellScriptBuildPhase section */

/* Begin PBXSourcesBuildPhase section */
		0F704E03270F9D08004B897F /* Sources */ = {
			isa = PBXSourcesBuildPhase;
			buildActionMask = 2147483647;
			files = (
				0FFD5025271780B300F9563B /* LoginCoordinator.swift in Sources */,
				0F704E63270FA4D3004B897F /* UITextField+CaretPosition.swift in Sources */,
				0F0CAEDC2827B0080009B04D /* BaseViewModel.swift in Sources */,
				0F0A1F43284D1FCF001AFEF4 /* AlertAction.swift in Sources */,
				0FFD5034271789CE00F9563B /* AccountViewController.swift in Sources */,
				0F3378612826C94F0007D95A /* ResetPasswordView.swift in Sources */,
				0F2C83522852555300F520D0 /* UserDefaultsManager.swift in Sources */,
				0F92DD44282836F00075A6E2 /* UIFont+Name.swift in Sources */,
				0F07C3102827E93B00C18EE2 /* ResetPasswordViewModel.swift in Sources */,
				0F704E0B270F9D08004B897F /* AppDelegate.swift in Sources */,
				0FFD5036271789D800F9563B /* AccountView.swift in Sources */,
				0FFD50282717842500F9563B /* TabBarCoordinator.swift in Sources */,
				0F0A1F4B284D2100001AFEF4 /* BeBetterAlertTextModifier.swift in Sources */,
				0F0CAEDE2827B1F40009B04D /* LoginViewModel.swift in Sources */,
				0F7DCB852824722F006EF7B1 /* SignUpViewController.swift in Sources */,
				0F47E5012827FFEC00406546 /* TopNavigationScrollableContainerView.swift in Sources */,
				0F0F0A6B2828FE88008C3EFE /* User.swift in Sources */,
				0F704E4A270F9EBC004B897F /* UIEdgeInsets+Equal.swift in Sources */,
				0F704E4C270F9ED1004B897F /* CALayer+SketchShadow.swift in Sources */,
				0F704E78270FC6A0004B897F /* AuthorizationBaseView.swift in Sources */,
				0F704E5A270FA3ED004B897F /* KeyboardAwareTableView.swift in Sources */,
				0FFD501827177F2300F9563B /* ReleaseHandler.swift in Sources */,
				0FE403252852637A00A10C36 /* AccountViewModel.swift in Sources */,
				0F0A1F47284D2023001AFEF4 /* AlertConfiguration+BeBetterStyle.swift in Sources */,
				0F704E65270FA4F4004B897F /* BeBetterTextField.swift in Sources */,
				0FFD501427177ECD00F9563B /* RoutableProtocol.swift in Sources */,
				0FFD501227177EA900F9563B /* RouterProtocol.swift in Sources */,
				0F704E44270F9E72004B897F /* TextSize.swift in Sources */,
				0F704E56270FA3AA004B897F /* KeyboardAwareCollectionView.swift in Sources */,
				0F0A1F59284D2387001AFEF4 /* AlertViewController.swift in Sources */,
				0F7DCB8328247225006EF7B1 /* SignUpView.swift in Sources */,
				0F704E70270FAF48004B897F /* LoginViewController.swift in Sources */,
				0FFD503A271796CF00F9563B /* Step.swift in Sources */,
				0F704E6C270FAAD1004B897F /* Coordinator.swift in Sources */,
				0FFD5038271789E500F9563B /* AccountCoordinator.swift in Sources */,
				0F0F0A632828FCE8008C3EFE /* DefaultDependencyContainer.swift in Sources */,
				0FFD501627177F0700F9563B /* UINavigationController+Combine.swift in Sources */,
				0F0CAEE02827B95B0009B04D /* UITextField+TextPublisher.swift in Sources */,
				0F704E48270F9EA6004B897F /* UIView+Anchors.swift in Sources */,
				0F0A1F3F284D1F90001AFEF4 /* DefaultAlertAction.swift in Sources */,
				0F704E40270F9E38004B897F /* CustomLoadedController.swift in Sources */,
				0F0A1F4F284D2177001AFEF4 /* AlertTextModifier.swift in Sources */,
				0F704E75270FC092004B897F /* PrimaryButton.swift in Sources */,
				0F704E4E270F9EEE004B897F /* UINavigationItem+EmptyBack.swift in Sources */,
				0FFD50232717804400F9563B /* DemandableSubscriber.swift in Sources */,
				0F704E0D270F9D08004B897F /* SceneDelegate.swift in Sources */,
				0F0F0A672828FE59008C3EFE /* AuthenticationState.swift in Sources */,
				0FFD502E2717854300F9563B /* HomeView.swift in Sources */,
				0F47E5032828000D00406546 /* NavigationTopView.swift in Sources */,
				0FFD503D2717A5CE00F9563B /* HomeTableViewCell.swift in Sources */,
				0F7DCB872824723C006EF7B1 /* SignUpCoordinator.swift in Sources */,
				0F47E5052828002700406546 /* NavigationTopViewContainer.swift in Sources */,
				0FFD502C2717852600F9563B /* HomeViewController.swift in Sources */,
				0FFD501027177E4B00F9563B /* Router.swift in Sources */,
				0F47E4FE2827FF9300406546 /* TopNavigationStackContainerView.swift in Sources */,
				0F704E50270F9F48004B897F /* UIColor+SemanticAssets.swift in Sources */,
				0FFD50402717A89800F9563B /* TransparentNavigationBar.swift in Sources */,
				0F07C30E2827E4B900C18EE2 /* SignUpViewModel.swift in Sources */,
				0FFD501D27177FB500F9563B /* Combine+Lock.swift in Sources */,
				0F0A1F49284D20D1001AFEF4 /* BeBetterAlertConfiguration.swift in Sources */,
				0FFD501F27177FC900F9563B /* Combine+Util.swift in Sources */,
				0F0A1F55284D233B001AFEF4 /* AlertView.swift in Sources */,
				0F704E72270FAF86004B897F /* LoginView.swift in Sources */,
				0F0A1F4D284D215A001AFEF4 /* AlertConfiguration.swift in Sources */,
				0F704E6E270FAAF4004B897F /* MainCoordinator.swift in Sources */,
				0F3378652826C95C0007D95A /* ResetPasswordCoordinator.swift in Sources */,
				0F0A1F41284D1FB6001AFEF4 /* AlertActionStyle.swift in Sources */,
				0F704E58270FA3D1004B897F /* KeyboardAwareScrollView.swift in Sources */,
				0F0A1F53284D2307001AFEF4 /* AlertPresentationController.swift in Sources */,
				0F0A1F51284D22E8001AFEF4 /* AlertAnimationController.swift in Sources */,
				0F0F0A692828FE6B008C3EFE /* AccountManager.swift in Sources */,
				0FFD50212717801400F9563B /* TakeUntil.swift in Sources */,
				0F0A1F57284D2371001AFEF4 /* AlertTransition.swift in Sources */,
				0F704E61270FA4B0004B897F /* FloatingLabelField.swift in Sources */,
				0F704E5C270FA3FF004B897F /* UIScrollView+KeyboardAwareness.swift in Sources */,
				0F0A1F3C284D1F58001AFEF4 /* AlertActionType.swift in Sources */,
				0F704E5E270FA41A004B897F /* KeyboardAwareScrollContainerView.swift in Sources */,
				0FFD501A27177F4E00F9563B /* BaseViewController.swift in Sources */,
				0FFD50302717870800F9563B /* HomeCoordinator.swift in Sources */,
				0F0F0A612828FCD4008C3EFE /* DependencyContainer.swift in Sources */,
				0F3378632826C9560007D95A /* ResetPasswordViewController.swift in Sources */,
			);
			runOnlyForDeploymentPostprocessing = 0;
		};
		0F704E19270F9D0A004B897F /* Sources */ = {
			isa = PBXSourcesBuildPhase;
			buildActionMask = 2147483647;
			files = (
				0F704E22270F9D0A004B897F /* beBetterTests.swift in Sources */,
			);
			runOnlyForDeploymentPostprocessing = 0;
		};
/* End PBXSourcesBuildPhase section */

/* Begin PBXTargetDependency section */
		0F704E1F270F9D0A004B897F /* PBXTargetDependency */ = {
			isa = PBXTargetDependency;
			target = 0F704E06270F9D08004B897F /* beBetter */;
			targetProxy = 0F704E1E270F9D0A004B897F /* PBXContainerItemProxy */;
		};
/* End PBXTargetDependency section */

/* Begin PBXVariantGroup section */
		0F704E15270F9D09004B897F /* LaunchScreen.storyboard */ = {
			isa = PBXVariantGroup;
			children = (
				0F704E16270F9D09004B897F /* Base */,
			);
			name = LaunchScreen.storyboard;
			sourceTree = "<group>";
		};
/* End PBXVariantGroup section */

/* Begin XCBuildConfiguration section */
		0F704E2F270F9D0A004B897F /* Debug */ = {
			isa = XCBuildConfiguration;
			buildSettings = {
				ALWAYS_SEARCH_USER_PATHS = NO;
				CLANG_ANALYZER_NONNULL = YES;
				CLANG_ANALYZER_NUMBER_OBJECT_CONVERSION = YES_AGGRESSIVE;
				CLANG_CXX_LANGUAGE_STANDARD = "gnu++17";
				CLANG_CXX_LIBRARY = "libc++";
				CLANG_ENABLE_MODULES = YES;
				CLANG_ENABLE_OBJC_ARC = YES;
				CLANG_ENABLE_OBJC_WEAK = YES;
				CLANG_WARN_BLOCK_CAPTURE_AUTORELEASING = YES;
				CLANG_WARN_BOOL_CONVERSION = YES;
				CLANG_WARN_COMMA = YES;
				CLANG_WARN_CONSTANT_CONVERSION = YES;
				CLANG_WARN_DEPRECATED_OBJC_IMPLEMENTATIONS = YES;
				CLANG_WARN_DIRECT_OBJC_ISA_USAGE = YES_ERROR;
				CLANG_WARN_DOCUMENTATION_COMMENTS = YES;
				CLANG_WARN_EMPTY_BODY = YES;
				CLANG_WARN_ENUM_CONVERSION = YES;
				CLANG_WARN_INFINITE_RECURSION = YES;
				CLANG_WARN_INT_CONVERSION = YES;
				CLANG_WARN_NON_LITERAL_NULL_CONVERSION = YES;
				CLANG_WARN_OBJC_IMPLICIT_RETAIN_SELF = YES;
				CLANG_WARN_OBJC_LITERAL_CONVERSION = YES;
				CLANG_WARN_OBJC_ROOT_CLASS = YES_ERROR;
				CLANG_WARN_QUOTED_INCLUDE_IN_FRAMEWORK_HEADER = YES;
				CLANG_WARN_RANGE_LOOP_ANALYSIS = YES;
				CLANG_WARN_STRICT_PROTOTYPES = YES;
				CLANG_WARN_SUSPICIOUS_MOVE = YES;
				CLANG_WARN_UNGUARDED_AVAILABILITY = YES_AGGRESSIVE;
				CLANG_WARN_UNREACHABLE_CODE = YES;
				CLANG_WARN__DUPLICATE_METHOD_MATCH = YES;
				COPY_PHASE_STRIP = NO;
				DEBUG_INFORMATION_FORMAT = dwarf;
				ENABLE_STRICT_OBJC_MSGSEND = YES;
				ENABLE_TESTABILITY = YES;
				GCC_C_LANGUAGE_STANDARD = gnu11;
				GCC_DYNAMIC_NO_PIC = NO;
				GCC_NO_COMMON_BLOCKS = YES;
				GCC_OPTIMIZATION_LEVEL = 0;
				GCC_PREPROCESSOR_DEFINITIONS = (
					"DEBUG=1",
					"$(inherited)",
				);
				GCC_WARN_64_TO_32_BIT_CONVERSION = YES;
				GCC_WARN_ABOUT_RETURN_TYPE = YES_ERROR;
				GCC_WARN_UNDECLARED_SELECTOR = YES;
				GCC_WARN_UNINITIALIZED_AUTOS = YES_AGGRESSIVE;
				GCC_WARN_UNUSED_FUNCTION = YES;
				GCC_WARN_UNUSED_VARIABLE = YES;
				IPHONEOS_DEPLOYMENT_TARGET = 15.0;
				MTL_ENABLE_DEBUG_INFO = INCLUDE_SOURCE;
				MTL_FAST_MATH = YES;
				ONLY_ACTIVE_ARCH = YES;
				SDKROOT = iphoneos;
				SWIFT_ACTIVE_COMPILATION_CONDITIONS = DEBUG;
				SWIFT_OPTIMIZATION_LEVEL = "-Onone";
			};
			name = Debug;
		};
		0F704E30270F9D0A004B897F /* Release */ = {
			isa = XCBuildConfiguration;
			buildSettings = {
				ALWAYS_SEARCH_USER_PATHS = NO;
				CLANG_ANALYZER_NONNULL = YES;
				CLANG_ANALYZER_NUMBER_OBJECT_CONVERSION = YES_AGGRESSIVE;
				CLANG_CXX_LANGUAGE_STANDARD = "gnu++17";
				CLANG_CXX_LIBRARY = "libc++";
				CLANG_ENABLE_MODULES = YES;
				CLANG_ENABLE_OBJC_ARC = YES;
				CLANG_ENABLE_OBJC_WEAK = YES;
				CLANG_WARN_BLOCK_CAPTURE_AUTORELEASING = YES;
				CLANG_WARN_BOOL_CONVERSION = YES;
				CLANG_WARN_COMMA = YES;
				CLANG_WARN_CONSTANT_CONVERSION = YES;
				CLANG_WARN_DEPRECATED_OBJC_IMPLEMENTATIONS = YES;
				CLANG_WARN_DIRECT_OBJC_ISA_USAGE = YES_ERROR;
				CLANG_WARN_DOCUMENTATION_COMMENTS = YES;
				CLANG_WARN_EMPTY_BODY = YES;
				CLANG_WARN_ENUM_CONVERSION = YES;
				CLANG_WARN_INFINITE_RECURSION = YES;
				CLANG_WARN_INT_CONVERSION = YES;
				CLANG_WARN_NON_LITERAL_NULL_CONVERSION = YES;
				CLANG_WARN_OBJC_IMPLICIT_RETAIN_SELF = YES;
				CLANG_WARN_OBJC_LITERAL_CONVERSION = YES;
				CLANG_WARN_OBJC_ROOT_CLASS = YES_ERROR;
				CLANG_WARN_QUOTED_INCLUDE_IN_FRAMEWORK_HEADER = YES;
				CLANG_WARN_RANGE_LOOP_ANALYSIS = YES;
				CLANG_WARN_STRICT_PROTOTYPES = YES;
				CLANG_WARN_SUSPICIOUS_MOVE = YES;
				CLANG_WARN_UNGUARDED_AVAILABILITY = YES_AGGRESSIVE;
				CLANG_WARN_UNREACHABLE_CODE = YES;
				CLANG_WARN__DUPLICATE_METHOD_MATCH = YES;
				COPY_PHASE_STRIP = NO;
				DEBUG_INFORMATION_FORMAT = "dwarf-with-dsym";
				ENABLE_NS_ASSERTIONS = NO;
				ENABLE_STRICT_OBJC_MSGSEND = YES;
				GCC_C_LANGUAGE_STANDARD = gnu11;
				GCC_NO_COMMON_BLOCKS = YES;
				GCC_WARN_64_TO_32_BIT_CONVERSION = YES;
				GCC_WARN_ABOUT_RETURN_TYPE = YES_ERROR;
				GCC_WARN_UNDECLARED_SELECTOR = YES;
				GCC_WARN_UNINITIALIZED_AUTOS = YES_AGGRESSIVE;
				GCC_WARN_UNUSED_FUNCTION = YES;
				GCC_WARN_UNUSED_VARIABLE = YES;
				IPHONEOS_DEPLOYMENT_TARGET = 15.0;
				MTL_ENABLE_DEBUG_INFO = NO;
				MTL_FAST_MATH = YES;
				SDKROOT = iphoneos;
				SWIFT_COMPILATION_MODE = wholemodule;
				SWIFT_OPTIMIZATION_LEVEL = "-O";
				VALIDATE_PRODUCT = YES;
			};
			name = Release;
		};
		0F704E32270F9D0A004B897F /* Debug */ = {
			isa = XCBuildConfiguration;
			buildSettings = {
				ASSETCATALOG_COMPILER_APPICON_NAME = AppIcon;
				ASSETCATALOG_COMPILER_GLOBAL_ACCENT_COLOR_NAME = AccentColor;
				CODE_SIGN_ENTITLEMENTS = beBetter/beBetter.entitlements;
				CODE_SIGN_IDENTITY = "iPhone Distribution";
				CODE_SIGN_STYLE = Manual;
				CURRENT_PROJECT_VERSION = 2;
				DEVELOPMENT_TEAM = NCJC54GM5Z;
				GENERATE_INFOPLIST_FILE = YES;
				INFOPLIST_FILE = beBetter/Resources/Info.plist;
				INFOPLIST_KEY_UIApplicationSupportsIndirectInputEvents = YES;
				INFOPLIST_KEY_UILaunchStoryboardName = LaunchScreen;
				INFOPLIST_KEY_UISupportedInterfaceOrientations = UIInterfaceOrientationPortrait;
				INFOPLIST_KEY_UISupportedInterfaceOrientations_iPad = "UIInterfaceOrientationPortrait UIInterfaceOrientationPortraitUpsideDown UIInterfaceOrientationLandscapeLeft UIInterfaceOrientationLandscapeRight";
				INFOPLIST_KEY_UISupportedInterfaceOrientations_iPhone = "UIInterfaceOrientationPortrait UIInterfaceOrientationLandscapeLeft UIInterfaceOrientationLandscapeRight";
				LD_RUNPATH_SEARCH_PATHS = (
					"$(inherited)",
					"@executable_path/Frameworks",
				);
				MARKETING_VERSION = 1.0;
				PRODUCT_BUNDLE_IDENTIFIER = com.taketask.beBetterTestCI;
				PRODUCT_NAME = "$(TARGET_NAME)";
				PROVISIONING_PROFILE_SPECIFIER = BeBetterCICD_AdHoc;
				SWIFT_EMIT_LOC_STRINGS = YES;
				SWIFT_VERSION = 5.0;
				TARGETED_DEVICE_FAMILY = 1;
			};
			name = Debug;
		};
		0F704E33270F9D0A004B897F /* Release */ = {
			isa = XCBuildConfiguration;
			buildSettings = {
				ASSETCATALOG_COMPILER_APPICON_NAME = AppIcon;
				ASSETCATALOG_COMPILER_GLOBAL_ACCENT_COLOR_NAME = AccentColor;
				CODE_SIGN_ENTITLEMENTS = beBetter/beBetter.entitlements;
				CODE_SIGN_IDENTITY = "iPhone Distribution";
				CODE_SIGN_STYLE = Manual;
				CURRENT_PROJECT_VERSION = 2;
				DEVELOPMENT_TEAM = NCJC54GM5Z;
				GENERATE_INFOPLIST_FILE = YES;
				INFOPLIST_FILE = beBetter/Resources/Info.plist;
				INFOPLIST_KEY_UIApplicationSupportsIndirectInputEvents = YES;
				INFOPLIST_KEY_UILaunchStoryboardName = LaunchScreen;
				INFOPLIST_KEY_UISupportedInterfaceOrientations = UIInterfaceOrientationPortrait;
				INFOPLIST_KEY_UISupportedInterfaceOrientations_iPad = "UIInterfaceOrientationPortrait UIInterfaceOrientationPortraitUpsideDown UIInterfaceOrientationLandscapeLeft UIInterfaceOrientationLandscapeRight";
				INFOPLIST_KEY_UISupportedInterfaceOrientations_iPhone = "UIInterfaceOrientationPortrait UIInterfaceOrientationLandscapeLeft UIInterfaceOrientationLandscapeRight";
				LD_RUNPATH_SEARCH_PATHS = (
					"$(inherited)",
					"@executable_path/Frameworks",
				);
				MARKETING_VERSION = 1.0;
				PRODUCT_BUNDLE_IDENTIFIER = com.taketask.beBetterTestCI;
				PRODUCT_NAME = "$(TARGET_NAME)";
				PROVISIONING_PROFILE_SPECIFIER = BeBetterCICD_AdHoc;
				SWIFT_EMIT_LOC_STRINGS = YES;
				SWIFT_VERSION = 5.0;
				TARGETED_DEVICE_FAMILY = 1;
			};
			name = Release;
		};
		0F704E35270F9D0A004B897F /* Debug */ = {
			isa = XCBuildConfiguration;
			buildSettings = {
				ALWAYS_EMBED_SWIFT_STANDARD_LIBRARIES = YES;
				BUNDLE_LOADER = "$(TEST_HOST)";
				CODE_SIGN_STYLE = Automatic;
				CURRENT_PROJECT_VERSION = 1;
				DEVELOPMENT_TEAM = NCJC54GM5Z;
				GENERATE_INFOPLIST_FILE = YES;
				IPHONEOS_DEPLOYMENT_TARGET = 15.0;
				LD_RUNPATH_SEARCH_PATHS = (
					"$(inherited)",
					"@executable_path/Frameworks",
					"@loader_path/Frameworks",
				);
				MARKETING_VERSION = 1.0;
				PRODUCT_BUNDLE_IDENTIFIER = com.taketask.beBetterTests;
				PRODUCT_NAME = "$(TARGET_NAME)";
				SWIFT_EMIT_LOC_STRINGS = NO;
				SWIFT_VERSION = 5.0;
				TARGETED_DEVICE_FAMILY = "1,2";
				TEST_HOST = "$(BUILT_PRODUCTS_DIR)/beBetter.app/beBetter";
			};
			name = Debug;
		};
		0F704E36270F9D0A004B897F /* Release */ = {
			isa = XCBuildConfiguration;
			buildSettings = {
				ALWAYS_EMBED_SWIFT_STANDARD_LIBRARIES = YES;
				BUNDLE_LOADER = "$(TEST_HOST)";
				CODE_SIGN_STYLE = Automatic;
				CURRENT_PROJECT_VERSION = 1;
				DEVELOPMENT_TEAM = NCJC54GM5Z;
				GENERATE_INFOPLIST_FILE = YES;
				IPHONEOS_DEPLOYMENT_TARGET = 15.0;
				LD_RUNPATH_SEARCH_PATHS = (
					"$(inherited)",
					"@executable_path/Frameworks",
					"@loader_path/Frameworks",
				);
				MARKETING_VERSION = 1.0;
				PRODUCT_BUNDLE_IDENTIFIER = com.taketask.beBetterTests;
				PRODUCT_NAME = "$(TARGET_NAME)";
				SWIFT_EMIT_LOC_STRINGS = NO;
				SWIFT_VERSION = 5.0;
				TARGETED_DEVICE_FAMILY = "1,2";
				TEST_HOST = "$(BUILT_PRODUCTS_DIR)/beBetter.app/beBetter";
			};
			name = Release;
		};
/* End XCBuildConfiguration section */

/* Begin XCConfigurationList section */
		0F704E02270F9D08004B897F /* Build configuration list for PBXProject "beBetter" */ = {
			isa = XCConfigurationList;
			buildConfigurations = (
				0F704E2F270F9D0A004B897F /* Debug */,
				0F704E30270F9D0A004B897F /* Release */,
			);
			defaultConfigurationIsVisible = 0;
			defaultConfigurationName = Release;
		};
		0F704E31270F9D0A004B897F /* Build configuration list for PBXNativeTarget "beBetter" */ = {
			isa = XCConfigurationList;
			buildConfigurations = (
				0F704E32270F9D0A004B897F /* Debug */,
				0F704E33270F9D0A004B897F /* Release */,
			);
			defaultConfigurationIsVisible = 0;
			defaultConfigurationName = Release;
		};
		0F704E34270F9D0A004B897F /* Build configuration list for PBXNativeTarget "beBetterTests" */ = {
			isa = XCConfigurationList;
			buildConfigurations = (
				0F704E35270F9D0A004B897F /* Debug */,
				0F704E36270F9D0A004B897F /* Release */,
			);
			defaultConfigurationIsVisible = 0;
			defaultConfigurationName = Release;
		};
/* End XCConfigurationList section */

/* Begin XCRemoteSwiftPackageReference section */
		0FBB52FF282712BE008FDB4E /* XCRemoteSwiftPackageReference "firebase-ios-sdk" */ = {
			isa = XCRemoteSwiftPackageReference;
			repositoryURL = "https://github.com/firebase/firebase-ios-sdk";
			requirement = {
				kind = exactVersion;
				version = 9.0.0;
			};
		};
/* End XCRemoteSwiftPackageReference section */

/* Begin XCSwiftPackageProductDependency section */
		0F0A1F36284CF116001AFEF4 /* FirebaseAuth */ = {
			isa = XCSwiftPackageProductDependency;
			package = 0FBB52FF282712BE008FDB4E /* XCRemoteSwiftPackageReference "firebase-ios-sdk" */;
			productName = FirebaseAuth;
		};
		0F0A1F38284CF116001AFEF4 /* FirebaseAuthCombine-Community */ = {
			isa = XCSwiftPackageProductDependency;
			package = 0FBB52FF282712BE008FDB4E /* XCRemoteSwiftPackageReference "firebase-ios-sdk" */;
			productName = "FirebaseAuthCombine-Community";
		};
		0F48A0562828258C0090AAEE /* FirebaseAnalyticsWithoutAdIdSupport */ = {
			isa = XCSwiftPackageProductDependency;
			package = 0FBB52FF282712BE008FDB4E /* XCRemoteSwiftPackageReference "firebase-ios-sdk" */;
			productName = FirebaseAnalyticsWithoutAdIdSupport;
		};
		0F48A058282825930090AAEE /* FirebaseAppDistribution-Beta */ = {
			isa = XCSwiftPackageProductDependency;
			package = 0FBB52FF282712BE008FDB4E /* XCRemoteSwiftPackageReference "firebase-ios-sdk" */;
			productName = "FirebaseAppDistribution-Beta";
		};
/* End XCSwiftPackageProductDependency section */
	};
	rootObject = 0F704DFF270F9D08004B897F /* Project object */;
}
