// !$*UTF8*$!
{
	archiveVersion = 1;
	classes = {
	};
	objectVersion = 55;
	objects = {

/* Begin PBXBuildFile section */
		0F704E0B270F9D08004B897F /* AppDelegate.swift in Sources */ = {isa = PBXBuildFile; fileRef = 0F704E0A270F9D08004B897F /* AppDelegate.swift */; };
		0F704E0D270F9D08004B897F /* SceneDelegate.swift in Sources */ = {isa = PBXBuildFile; fileRef = 0F704E0C270F9D08004B897F /* SceneDelegate.swift */; };
		0F704E14270F9D09004B897F /* Assets.xcassets in Resources */ = {isa = PBXBuildFile; fileRef = 0F704E13270F9D09004B897F /* Assets.xcassets */; };
		0F704E17270F9D09004B897F /* LaunchScreen.storyboard in Resources */ = {isa = PBXBuildFile; fileRef = 0F704E15270F9D09004B897F /* LaunchScreen.storyboard */; };
		0F704E22270F9D0A004B897F /* beBetterTests.swift in Sources */ = {isa = PBXBuildFile; fileRef = 0F704E21270F9D0A004B897F /* beBetterTests.swift */; };
		0F704E2C270F9D0A004B897F /* beBetterUITests.swift in Sources */ = {isa = PBXBuildFile; fileRef = 0F704E2B270F9D0A004B897F /* beBetterUITests.swift */; };
		0F704E2E270F9D0A004B897F /* beBetterUITestsLaunchTests.swift in Sources */ = {isa = PBXBuildFile; fileRef = 0F704E2D270F9D0A004B897F /* beBetterUITestsLaunchTests.swift */; };
		0F704E40270F9E38004B897F /* CustomLoadedController.swift in Sources */ = {isa = PBXBuildFile; fileRef = 0F704E3F270F9E38004B897F /* CustomLoadedController.swift */; };
		0F704E44270F9E72004B897F /* TextSize.swift in Sources */ = {isa = PBXBuildFile; fileRef = 0F704E43270F9E72004B897F /* TextSize.swift */; };
		0F704E48270F9EA6004B897F /* UIView+Anchors.swift in Sources */ = {isa = PBXBuildFile; fileRef = 0F704E47270F9EA6004B897F /* UIView+Anchors.swift */; };
		0F704E4A270F9EBC004B897F /* UIEdgeInsets+Equal.swift in Sources */ = {isa = PBXBuildFile; fileRef = 0F704E49270F9EBC004B897F /* UIEdgeInsets+Equal.swift */; };
		0F704E4C270F9ED1004B897F /* CALayer+SketchShadow.swift in Sources */ = {isa = PBXBuildFile; fileRef = 0F704E4B270F9ED1004B897F /* CALayer+SketchShadow.swift */; };
		0F704E4E270F9EEE004B897F /* UINavigationItem+EmptyBack.swift in Sources */ = {isa = PBXBuildFile; fileRef = 0F704E4D270F9EEE004B897F /* UINavigationItem+EmptyBack.swift */; };
		0F704E50270F9F48004B897F /* UIColor+SemanticAssets.swift in Sources */ = {isa = PBXBuildFile; fileRef = 0F704E4F270F9F48004B897F /* UIColor+SemanticAssets.swift */; };
		0F704E52270F9FF9004B897F /* Colors.xcassets in Resources */ = {isa = PBXBuildFile; fileRef = 0F704E51270F9FF9004B897F /* Colors.xcassets */; };
		0F704E56270FA3AA004B897F /* KeyboardAwareCollectionView.swift in Sources */ = {isa = PBXBuildFile; fileRef = 0F704E55270FA3A9004B897F /* KeyboardAwareCollectionView.swift */; };
		0F704E58270FA3D1004B897F /* KeyboardAwareScrollView.swift in Sources */ = {isa = PBXBuildFile; fileRef = 0F704E57270FA3D1004B897F /* KeyboardAwareScrollView.swift */; };
		0F704E5A270FA3ED004B897F /* KeyboardAwareTableView.swift in Sources */ = {isa = PBXBuildFile; fileRef = 0F704E59270FA3ED004B897F /* KeyboardAwareTableView.swift */; };
		0F704E5C270FA3FF004B897F /* UIScrollView+KeyboardAwareness.swift in Sources */ = {isa = PBXBuildFile; fileRef = 0F704E5B270FA3FF004B897F /* UIScrollView+KeyboardAwareness.swift */; };
		0F704E5E270FA41A004B897F /* KeyboardAwareScrollContainerView.swift in Sources */ = {isa = PBXBuildFile; fileRef = 0F704E5D270FA41A004B897F /* KeyboardAwareScrollContainerView.swift */; };
		0F704E61270FA4B0004B897F /* FloatingLabelField.swift in Sources */ = {isa = PBXBuildFile; fileRef = 0F704E60270FA4B0004B897F /* FloatingLabelField.swift */; };
		0F704E63270FA4D3004B897F /* UITextField+CaretPosition.swift in Sources */ = {isa = PBXBuildFile; fileRef = 0F704E62270FA4D3004B897F /* UITextField+CaretPosition.swift */; };
		0F704E65270FA4F4004B897F /* BeBetterTextField.swift in Sources */ = {isa = PBXBuildFile; fileRef = 0F704E64270FA4F4004B897F /* BeBetterTextField.swift */; };
/* End PBXBuildFile section */

/* Begin PBXContainerItemProxy section */
		0F704E1E270F9D0A004B897F /* PBXContainerItemProxy */ = {
			isa = PBXContainerItemProxy;
			containerPortal = 0F704DFF270F9D08004B897F /* Project object */;
			proxyType = 1;
			remoteGlobalIDString = 0F704E06270F9D08004B897F;
			remoteInfo = beBetter;
		};
		0F704E28270F9D0A004B897F /* PBXContainerItemProxy */ = {
			isa = PBXContainerItemProxy;
			containerPortal = 0F704DFF270F9D08004B897F /* Project object */;
			proxyType = 1;
			remoteGlobalIDString = 0F704E06270F9D08004B897F;
			remoteInfo = beBetter;
		};
/* End PBXContainerItemProxy section */

/* Begin PBXFileReference section */
		0F704E07270F9D08004B897F /* beBetter.app */ = {isa = PBXFileReference; explicitFileType = wrapper.application; includeInIndex = 0; path = beBetter.app; sourceTree = BUILT_PRODUCTS_DIR; };
		0F704E0A270F9D08004B897F /* AppDelegate.swift */ = {isa = PBXFileReference; lastKnownFileType = sourcecode.swift; path = AppDelegate.swift; sourceTree = "<group>"; };
		0F704E0C270F9D08004B897F /* SceneDelegate.swift */ = {isa = PBXFileReference; lastKnownFileType = sourcecode.swift; path = SceneDelegate.swift; sourceTree = "<group>"; };
		0F704E13270F9D09004B897F /* Assets.xcassets */ = {isa = PBXFileReference; lastKnownFileType = folder.assetcatalog; path = Assets.xcassets; sourceTree = "<group>"; };
		0F704E16270F9D09004B897F /* Base */ = {isa = PBXFileReference; lastKnownFileType = file.storyboard; name = Base; path = Base.lproj/LaunchScreen.storyboard; sourceTree = "<group>"; };
		0F704E18270F9D09004B897F /* Info.plist */ = {isa = PBXFileReference; lastKnownFileType = text.plist.xml; path = Info.plist; sourceTree = "<group>"; };
		0F704E1D270F9D0A004B897F /* beBetterTests.xctest */ = {isa = PBXFileReference; explicitFileType = wrapper.cfbundle; includeInIndex = 0; path = beBetterTests.xctest; sourceTree = BUILT_PRODUCTS_DIR; };
		0F704E21270F9D0A004B897F /* beBetterTests.swift */ = {isa = PBXFileReference; lastKnownFileType = sourcecode.swift; path = beBetterTests.swift; sourceTree = "<group>"; };
		0F704E27270F9D0A004B897F /* beBetterUITests.xctest */ = {isa = PBXFileReference; explicitFileType = wrapper.cfbundle; includeInIndex = 0; path = beBetterUITests.xctest; sourceTree = BUILT_PRODUCTS_DIR; };
		0F704E2B270F9D0A004B897F /* beBetterUITests.swift */ = {isa = PBXFileReference; lastKnownFileType = sourcecode.swift; path = beBetterUITests.swift; sourceTree = "<group>"; };
		0F704E2D270F9D0A004B897F /* beBetterUITestsLaunchTests.swift */ = {isa = PBXFileReference; lastKnownFileType = sourcecode.swift; path = beBetterUITestsLaunchTests.swift; sourceTree = "<group>"; };
		0F704E3F270F9E38004B897F /* CustomLoadedController.swift */ = {isa = PBXFileReference; lastKnownFileType = sourcecode.swift; path = CustomLoadedController.swift; sourceTree = "<group>"; };
		0F704E43270F9E72004B897F /* TextSize.swift */ = {isa = PBXFileReference; lastKnownFileType = sourcecode.swift; path = TextSize.swift; sourceTree = "<group>"; };
		0F704E47270F9EA6004B897F /* UIView+Anchors.swift */ = {isa = PBXFileReference; lastKnownFileType = sourcecode.swift; path = "UIView+Anchors.swift"; sourceTree = "<group>"; };
		0F704E49270F9EBC004B897F /* UIEdgeInsets+Equal.swift */ = {isa = PBXFileReference; lastKnownFileType = sourcecode.swift; path = "UIEdgeInsets+Equal.swift"; sourceTree = "<group>"; };
		0F704E4B270F9ED1004B897F /* CALayer+SketchShadow.swift */ = {isa = PBXFileReference; lastKnownFileType = sourcecode.swift; path = "CALayer+SketchShadow.swift"; sourceTree = "<group>"; };
		0F704E4D270F9EEE004B897F /* UINavigationItem+EmptyBack.swift */ = {isa = PBXFileReference; lastKnownFileType = sourcecode.swift; path = "UINavigationItem+EmptyBack.swift"; sourceTree = "<group>"; };
		0F704E4F270F9F48004B897F /* UIColor+SemanticAssets.swift */ = {isa = PBXFileReference; lastKnownFileType = sourcecode.swift; path = "UIColor+SemanticAssets.swift"; sourceTree = "<group>"; };
		0F704E51270F9FF9004B897F /* Colors.xcassets */ = {isa = PBXFileReference; lastKnownFileType = folder.assetcatalog; path = Colors.xcassets; sourceTree = "<group>"; };
		0F704E55270FA3A9004B897F /* KeyboardAwareCollectionView.swift */ = {isa = PBXFileReference; lastKnownFileType = sourcecode.swift; path = KeyboardAwareCollectionView.swift; sourceTree = "<group>"; };
		0F704E57270FA3D1004B897F /* KeyboardAwareScrollView.swift */ = {isa = PBXFileReference; lastKnownFileType = sourcecode.swift; path = KeyboardAwareScrollView.swift; sourceTree = "<group>"; };
		0F704E59270FA3ED004B897F /* KeyboardAwareTableView.swift */ = {isa = PBXFileReference; lastKnownFileType = sourcecode.swift; path = KeyboardAwareTableView.swift; sourceTree = "<group>"; };
		0F704E5B270FA3FF004B897F /* UIScrollView+KeyboardAwareness.swift */ = {isa = PBXFileReference; lastKnownFileType = sourcecode.swift; path = "UIScrollView+KeyboardAwareness.swift"; sourceTree = "<group>"; };
		0F704E5D270FA41A004B897F /* KeyboardAwareScrollContainerView.swift */ = {isa = PBXFileReference; lastKnownFileType = sourcecode.swift; path = KeyboardAwareScrollContainerView.swift; sourceTree = "<group>"; };
		0F704E60270FA4B0004B897F /* FloatingLabelField.swift */ = {isa = PBXFileReference; lastKnownFileType = sourcecode.swift; path = FloatingLabelField.swift; sourceTree = "<group>"; };
		0F704E62270FA4D3004B897F /* UITextField+CaretPosition.swift */ = {isa = PBXFileReference; lastKnownFileType = sourcecode.swift; path = "UITextField+CaretPosition.swift"; sourceTree = "<group>"; };
		0F704E64270FA4F4004B897F /* BeBetterTextField.swift */ = {isa = PBXFileReference; lastKnownFileType = sourcecode.swift; path = BeBetterTextField.swift; sourceTree = "<group>"; };
/* End PBXFileReference section */

/* Begin PBXFrameworksBuildPhase section */
		0F704E04270F9D08004B897F /* Frameworks */ = {
			isa = PBXFrameworksBuildPhase;
			buildActionMask = 2147483647;
			files = (
			);
			runOnlyForDeploymentPostprocessing = 0;
		};
		0F704E1A270F9D0A004B897F /* Frameworks */ = {
			isa = PBXFrameworksBuildPhase;
			buildActionMask = 2147483647;
			files = (
			);
			runOnlyForDeploymentPostprocessing = 0;
		};
		0F704E24270F9D0A004B897F /* Frameworks */ = {
			isa = PBXFrameworksBuildPhase;
			buildActionMask = 2147483647;
			files = (
			);
			runOnlyForDeploymentPostprocessing = 0;
		};
/* End PBXFrameworksBuildPhase section */

/* Begin PBXGroup section */
		0F704DFE270F9D08004B897F = {
			isa = PBXGroup;
			children = (
				0F704E09270F9D08004B897F /* beBetter */,
				0F704E20270F9D0A004B897F /* beBetterTests */,
				0F704E2A270F9D0A004B897F /* beBetterUITests */,
				0F704E08270F9D08004B897F /* Products */,
			);
			sourceTree = "<group>";
		};
		0F704E08270F9D08004B897F /* Products */ = {
			isa = PBXGroup;
			children = (
				0F704E07270F9D08004B897F /* beBetter.app */,
				0F704E1D270F9D0A004B897F /* beBetterTests.xctest */,
				0F704E27270F9D0A004B897F /* beBetterUITests.xctest */,
			);
			name = Products;
			sourceTree = "<group>";
		};
		0F704E09270F9D08004B897F /* beBetter */ = {
			isa = PBXGroup;
			children = (
				0F704E53270FA38A004B897F /* Components */,
				0F704E3D270F9E05004B897F /* Utils */,
				0F704E3C270F9DB7004B897F /* DepenndencyContainer */,
				0F704E3B270F9D7A004B897F /* App */,
				0F704E3A270F9D3F004B897F /* Resources */,
			);
			path = beBetter;
			sourceTree = "<group>";
		};
		0F704E20270F9D0A004B897F /* beBetterTests */ = {
			isa = PBXGroup;
			children = (
				0F704E21270F9D0A004B897F /* beBetterTests.swift */,
			);
			path = beBetterTests;
			sourceTree = "<group>";
		};
		0F704E2A270F9D0A004B897F /* beBetterUITests */ = {
			isa = PBXGroup;
			children = (
				0F704E2B270F9D0A004B897F /* beBetterUITests.swift */,
				0F704E2D270F9D0A004B897F /* beBetterUITestsLaunchTests.swift */,
			);
			path = beBetterUITests;
			sourceTree = "<group>";
		};
		0F704E3A270F9D3F004B897F /* Resources */ = {
			isa = PBXGroup;
			children = (
				0F704E13270F9D09004B897F /* Assets.xcassets */,
				0F704E15270F9D09004B897F /* LaunchScreen.storyboard */,
				0F704E18270F9D09004B897F /* Info.plist */,
				0F704E51270F9FF9004B897F /* Colors.xcassets */,
			);
			path = Resources;
			sourceTree = "<group>";
		};
		0F704E3B270F9D7A004B897F /* App */ = {
			isa = PBXGroup;
			children = (
				0F704E0A270F9D08004B897F /* AppDelegate.swift */,
				0F704E0C270F9D08004B897F /* SceneDelegate.swift */,
			);
			path = App;
			sourceTree = "<group>";
		};
		0F704E3C270F9DB7004B897F /* DepenndencyContainer */ = {
			isa = PBXGroup;
			children = (
			);
			path = DepenndencyContainer;
			sourceTree = "<group>";
		};
		0F704E3D270F9E05004B897F /* Utils */ = {
			isa = PBXGroup;
			children = (
				0F704E45270F9E8F004B897F /* Extensions */,
				0F704E42270F9E67004B897F /* TextSize */,
				0F704E3E270F9E2C004B897F /* Protocols */,
			);
			path = Utils;
			sourceTree = "<group>";
		};
		0F704E3E270F9E2C004B897F /* Protocols */ = {
			isa = PBXGroup;
			children = (
				0F704E3F270F9E38004B897F /* CustomLoadedController.swift */,
			);
			path = Protocols;
			sourceTree = "<group>";
		};
		0F704E42270F9E67004B897F /* TextSize */ = {
			isa = PBXGroup;
			children = (
				0F704E43270F9E72004B897F /* TextSize.swift */,
			);
			path = TextSize;
			sourceTree = "<group>";
		};
		0F704E45270F9E8F004B897F /* Extensions */ = {
			isa = PBXGroup;
			children = (
				0F704E46270F9E98004B897F /* UIKit */,
			);
			path = Extensions;
			sourceTree = "<group>";
		};
		0F704E46270F9E98004B897F /* UIKit */ = {
			isa = PBXGroup;
			children = (
				0F704E47270F9EA6004B897F /* UIView+Anchors.swift */,
				0F704E49270F9EBC004B897F /* UIEdgeInsets+Equal.swift */,
				0F704E4B270F9ED1004B897F /* CALayer+SketchShadow.swift */,
				0F704E4D270F9EEE004B897F /* UINavigationItem+EmptyBack.swift */,
				0F704E4F270F9F48004B897F /* UIColor+SemanticAssets.swift */,
			);
			path = UIKit;
			sourceTree = "<group>";
		};
		0F704E53270FA38A004B897F /* Components */ = {
			isa = PBXGroup;
			children = (
				0F704E5F270FA4A2004B897F /* FloatingLabelField */,
				0F704E54270FA398004B897F /* KeyboardAwareScrollViews */,
			);
			path = Components;
			sourceTree = "<group>";
		};
		0F704E54270FA398004B897F /* KeyboardAwareScrollViews */ = {
			isa = PBXGroup;
			children = (
				0F704E5B270FA3FF004B897F /* UIScrollView+KeyboardAwareness.swift */,
				0F704E55270FA3A9004B897F /* KeyboardAwareCollectionView.swift */,
				0F704E57270FA3D1004B897F /* KeyboardAwareScrollView.swift */,
				0F704E59270FA3ED004B897F /* KeyboardAwareTableView.swift */,
				0F704E5D270FA41A004B897F /* KeyboardAwareScrollContainerView.swift */,
			);
			path = KeyboardAwareScrollViews;
			sourceTree = "<group>";
		};
		0F704E5F270FA4A2004B897F /* FloatingLabelField */ = {
			isa = PBXGroup;
			children = (
				0F704E60270FA4B0004B897F /* FloatingLabelField.swift */,
				0F704E62270FA4D3004B897F /* UITextField+CaretPosition.swift */,
				0F704E64270FA4F4004B897F /* BeBetterTextField.swift */,
			);
			path = FloatingLabelField;
			sourceTree = "<group>";
		};
/* End PBXGroup section */

/* Begin PBXNativeTarget section */
		0F704E06270F9D08004B897F /* beBetter */ = {
			isa = PBXNativeTarget;
			buildConfigurationList = 0F704E31270F9D0A004B897F /* Build configuration list for PBXNativeTarget "beBetter" */;
			buildPhases = (
				0F704E03270F9D08004B897F /* Sources */,
				0F704E04270F9D08004B897F /* Frameworks */,
				0F704E05270F9D08004B897F /* Resources */,
			);
			buildRules = (
			);
			dependencies = (
			);
			name = beBetter;
			productName = beBetter;
			productReference = 0F704E07270F9D08004B897F /* beBetter.app */;
			productType = "com.apple.product-type.application";
		};
		0F704E1C270F9D0A004B897F /* beBetterTests */ = {
			isa = PBXNativeTarget;
			buildConfigurationList = 0F704E34270F9D0A004B897F /* Build configuration list for PBXNativeTarget "beBetterTests" */;
			buildPhases = (
				0F704E19270F9D0A004B897F /* Sources */,
				0F704E1A270F9D0A004B897F /* Frameworks */,
				0F704E1B270F9D0A004B897F /* Resources */,
			);
			buildRules = (
			);
			dependencies = (
				0F704E1F270F9D0A004B897F /* PBXTargetDependency */,
			);
			name = beBetterTests;
			productName = beBetterTests;
			productReference = 0F704E1D270F9D0A004B897F /* beBetterTests.xctest */;
			productType = "com.apple.product-type.bundle.unit-test";
		};
		0F704E26270F9D0A004B897F /* beBetterUITests */ = {
			isa = PBXNativeTarget;
			buildConfigurationList = 0F704E37270F9D0A004B897F /* Build configuration list for PBXNativeTarget "beBetterUITests" */;
			buildPhases = (
				0F704E23270F9D0A004B897F /* Sources */,
				0F704E24270F9D0A004B897F /* Frameworks */,
				0F704E25270F9D0A004B897F /* Resources */,
			);
			buildRules = (
			);
			dependencies = (
				0F704E29270F9D0A004B897F /* PBXTargetDependency */,
			);
			name = beBetterUITests;
			productName = beBetterUITests;
			productReference = 0F704E27270F9D0A004B897F /* beBetterUITests.xctest */;
			productType = "com.apple.product-type.bundle.ui-testing";
		};
/* End PBXNativeTarget section */

/* Begin PBXProject section */
		0F704DFF270F9D08004B897F /* Project object */ = {
			isa = PBXProject;
			attributes = {
				BuildIndependentTargetsInParallel = 1;
				LastSwiftUpdateCheck = 1300;
				LastUpgradeCheck = 1300;
				TargetAttributes = {
					0F704E06270F9D08004B897F = {
						CreatedOnToolsVersion = 13.0;
					};
					0F704E1C270F9D0A004B897F = {
						CreatedOnToolsVersion = 13.0;
						TestTargetID = 0F704E06270F9D08004B897F;
					};
					0F704E26270F9D0A004B897F = {
						CreatedOnToolsVersion = 13.0;
						TestTargetID = 0F704E06270F9D08004B897F;
					};
				};
			};
			buildConfigurationList = 0F704E02270F9D08004B897F /* Build configuration list for PBXProject "beBetter" */;
			compatibilityVersion = "Xcode 13.0";
			developmentRegion = en;
			hasScannedForEncodings = 0;
			knownRegions = (
				en,
				Base,
			);
			mainGroup = 0F704DFE270F9D08004B897F;
			productRefGroup = 0F704E08270F9D08004B897F /* Products */;
			projectDirPath = "";
			projectRoot = "";
			targets = (
				0F704E06270F9D08004B897F /* beBetter */,
				0F704E1C270F9D0A004B897F /* beBetterTests */,
				0F704E26270F9D0A004B897F /* beBetterUITests */,
			);
		};
/* End PBXProject section */

/* Begin PBXResourcesBuildPhase section */
		0F704E05270F9D08004B897F /* Resources */ = {
			isa = PBXResourcesBuildPhase;
			buildActionMask = 2147483647;
			files = (
				0F704E52270F9FF9004B897F /* Colors.xcassets in Resources */,
				0F704E17270F9D09004B897F /* LaunchScreen.storyboard in Resources */,
				0F704E14270F9D09004B897F /* Assets.xcassets in Resources */,
			);
			runOnlyForDeploymentPostprocessing = 0;
		};
		0F704E1B270F9D0A004B897F /* Resources */ = {
			isa = PBXResourcesBuildPhase;
			buildActionMask = 2147483647;
			files = (
			);
			runOnlyForDeploymentPostprocessing = 0;
		};
		0F704E25270F9D0A004B897F /* Resources */ = {
			isa = PBXResourcesBuildPhase;
			buildActionMask = 2147483647;
			files = (
			);
			runOnlyForDeploymentPostprocessing = 0;
		};
/* End PBXResourcesBuildPhase section */

/* Begin PBXSourcesBuildPhase section */
		0F704E03270F9D08004B897F /* Sources */ = {
			isa = PBXSourcesBuildPhase;
			buildActionMask = 2147483647;
			files = (
				0F704E63270FA4D3004B897F /* UITextField+CaretPosition.swift in Sources */,
				0F704E0B270F9D08004B897F /* AppDelegate.swift in Sources */,
				0F704E4A270F9EBC004B897F /* UIEdgeInsets+Equal.swift in Sources */,
				0F704E4C270F9ED1004B897F /* CALayer+SketchShadow.swift in Sources */,
				0F704E5A270FA3ED004B897F /* KeyboardAwareTableView.swift in Sources */,
				0F704E65270FA4F4004B897F /* BeBetterTextField.swift in Sources */,
				0F704E44270F9E72004B897F /* TextSize.swift in Sources */,
				0F704E56270FA3AA004B897F /* KeyboardAwareCollectionView.swift in Sources */,
				0F704E48270F9EA6004B897F /* UIView+Anchors.swift in Sources */,
				0F704E40270F9E38004B897F /* CustomLoadedController.swift in Sources */,
				0F704E4E270F9EEE004B897F /* UINavigationItem+EmptyBack.swift in Sources */,
				0F704E0D270F9D08004B897F /* SceneDelegate.swift in Sources */,
				0F704E50270F9F48004B897F /* UIColor+SemanticAssets.swift in Sources */,
				0F704E58270FA3D1004B897F /* KeyboardAwareScrollView.swift in Sources */,
				0F704E61270FA4B0004B897F /* FloatingLabelField.swift in Sources */,
				0F704E5C270FA3FF004B897F /* UIScrollView+KeyboardAwareness.swift in Sources */,
				0F704E5E270FA41A004B897F /* KeyboardAwareScrollContainerView.swift in Sources */,
			);
			runOnlyForDeploymentPostprocessing = 0;
		};
		0F704E19270F9D0A004B897F /* Sources */ = {
			isa = PBXSourcesBuildPhase;
			buildActionMask = 2147483647;
			files = (
				0F704E22270F9D0A004B897F /* beBetterTests.swift in Sources */,
			);
			runOnlyForDeploymentPostprocessing = 0;
		};
		0F704E23270F9D0A004B897F /* Sources */ = {
			isa = PBXSourcesBuildPhase;
			buildActionMask = 2147483647;
			files = (
				0F704E2E270F9D0A004B897F /* beBetterUITestsLaunchTests.swift in Sources */,
				0F704E2C270F9D0A004B897F /* beBetterUITests.swift in Sources */,
			);
			runOnlyForDeploymentPostprocessing = 0;
		};
/* End PBXSourcesBuildPhase section */

/* Begin PBXTargetDependency section */
		0F704E1F270F9D0A004B897F /* PBXTargetDependency */ = {
			isa = PBXTargetDependency;
			target = 0F704E06270F9D08004B897F /* beBetter */;
			targetProxy = 0F704E1E270F9D0A004B897F /* PBXContainerItemProxy */;
		};
		0F704E29270F9D0A004B897F /* PBXTargetDependency */ = {
			isa = PBXTargetDependency;
			target = 0F704E06270F9D08004B897F /* beBetter */;
			targetProxy = 0F704E28270F9D0A004B897F /* PBXContainerItemProxy */;
		};
/* End PBXTargetDependency section */

/* Begin PBXVariantGroup section */
		0F704E15270F9D09004B897F /* LaunchScreen.storyboard */ = {
			isa = PBXVariantGroup;
			children = (
				0F704E16270F9D09004B897F /* Base */,
			);
			name = LaunchScreen.storyboard;
			sourceTree = "<group>";
		};
/* End PBXVariantGroup section */

/* Begin XCBuildConfiguration section */
		0F704E2F270F9D0A004B897F /* Debug */ = {
			isa = XCBuildConfiguration;
			buildSettings = {
				ALWAYS_SEARCH_USER_PATHS = NO;
				CLANG_ANALYZER_NONNULL = YES;
				CLANG_ANALYZER_NUMBER_OBJECT_CONVERSION = YES_AGGRESSIVE;
				CLANG_CXX_LANGUAGE_STANDARD = "gnu++17";
				CLANG_CXX_LIBRARY = "libc++";
				CLANG_ENABLE_MODULES = YES;
				CLANG_ENABLE_OBJC_ARC = YES;
				CLANG_ENABLE_OBJC_WEAK = YES;
				CLANG_WARN_BLOCK_CAPTURE_AUTORELEASING = YES;
				CLANG_WARN_BOOL_CONVERSION = YES;
				CLANG_WARN_COMMA = YES;
				CLANG_WARN_CONSTANT_CONVERSION = YES;
				CLANG_WARN_DEPRECATED_OBJC_IMPLEMENTATIONS = YES;
				CLANG_WARN_DIRECT_OBJC_ISA_USAGE = YES_ERROR;
				CLANG_WARN_DOCUMENTATION_COMMENTS = YES;
				CLANG_WARN_EMPTY_BODY = YES;
				CLANG_WARN_ENUM_CONVERSION = YES;
				CLANG_WARN_INFINITE_RECURSION = YES;
				CLANG_WARN_INT_CONVERSION = YES;
				CLANG_WARN_NON_LITERAL_NULL_CONVERSION = YES;
				CLANG_WARN_OBJC_IMPLICIT_RETAIN_SELF = YES;
				CLANG_WARN_OBJC_LITERAL_CONVERSION = YES;
				CLANG_WARN_OBJC_ROOT_CLASS = YES_ERROR;
				CLANG_WARN_QUOTED_INCLUDE_IN_FRAMEWORK_HEADER = YES;
				CLANG_WARN_RANGE_LOOP_ANALYSIS = YES;
				CLANG_WARN_STRICT_PROTOTYPES = YES;
				CLANG_WARN_SUSPICIOUS_MOVE = YES;
				CLANG_WARN_UNGUARDED_AVAILABILITY = YES_AGGRESSIVE;
				CLANG_WARN_UNREACHABLE_CODE = YES;
				CLANG_WARN__DUPLICATE_METHOD_MATCH = YES;
				COPY_PHASE_STRIP = NO;
				DEBUG_INFORMATION_FORMAT = dwarf;
				ENABLE_STRICT_OBJC_MSGSEND = YES;
				ENABLE_TESTABILITY = YES;
				GCC_C_LANGUAGE_STANDARD = gnu11;
				GCC_DYNAMIC_NO_PIC = NO;
				GCC_NO_COMMON_BLOCKS = YES;
				GCC_OPTIMIZATION_LEVEL = 0;
				GCC_PREPROCESSOR_DEFINITIONS = (
					"DEBUG=1",
					"$(inherited)",
				);
				GCC_WARN_64_TO_32_BIT_CONVERSION = YES;
				GCC_WARN_ABOUT_RETURN_TYPE = YES_ERROR;
				GCC_WARN_UNDECLARED_SELECTOR = YES;
				GCC_WARN_UNINITIALIZED_AUTOS = YES_AGGRESSIVE;
				GCC_WARN_UNUSED_FUNCTION = YES;
				GCC_WARN_UNUSED_VARIABLE = YES;
				IPHONEOS_DEPLOYMENT_TARGET = 15.0;
				MTL_ENABLE_DEBUG_INFO = INCLUDE_SOURCE;
				MTL_FAST_MATH = YES;
				ONLY_ACTIVE_ARCH = YES;
				SDKROOT = iphoneos;
				SWIFT_ACTIVE_COMPILATION_CONDITIONS = DEBUG;
				SWIFT_OPTIMIZATION_LEVEL = "-Onone";
			};
			name = Debug;
		};
		0F704E30270F9D0A004B897F /* Release */ = {
			isa = XCBuildConfiguration;
			buildSettings = {
				ALWAYS_SEARCH_USER_PATHS = NO;
				CLANG_ANALYZER_NONNULL = YES;
				CLANG_ANALYZER_NUMBER_OBJECT_CONVERSION = YES_AGGRESSIVE;
				CLANG_CXX_LANGUAGE_STANDARD = "gnu++17";
				CLANG_CXX_LIBRARY = "libc++";
				CLANG_ENABLE_MODULES = YES;
				CLANG_ENABLE_OBJC_ARC = YES;
				CLANG_ENABLE_OBJC_WEAK = YES;
				CLANG_WARN_BLOCK_CAPTURE_AUTORELEASING = YES;
				CLANG_WARN_BOOL_CONVERSION = YES;
				CLANG_WARN_COMMA = YES;
				CLANG_WARN_CONSTANT_CONVERSION = YES;
				CLANG_WARN_DEPRECATED_OBJC_IMPLEMENTATIONS = YES;
				CLANG_WARN_DIRECT_OBJC_ISA_USAGE = YES_ERROR;
				CLANG_WARN_DOCUMENTATION_COMMENTS = YES;
				CLANG_WARN_EMPTY_BODY = YES;
				CLANG_WARN_ENUM_CONVERSION = YES;
				CLANG_WARN_INFINITE_RECURSION = YES;
				CLANG_WARN_INT_CONVERSION = YES;
				CLANG_WARN_NON_LITERAL_NULL_CONVERSION = YES;
				CLANG_WARN_OBJC_IMPLICIT_RETAIN_SELF = YES;
				CLANG_WARN_OBJC_LITERAL_CONVERSION = YES;
				CLANG_WARN_OBJC_ROOT_CLASS = YES_ERROR;
				CLANG_WARN_QUOTED_INCLUDE_IN_FRAMEWORK_HEADER = YES;
				CLANG_WARN_RANGE_LOOP_ANALYSIS = YES;
				CLANG_WARN_STRICT_PROTOTYPES = YES;
				CLANG_WARN_SUSPICIOUS_MOVE = YES;
				CLANG_WARN_UNGUARDED_AVAILABILITY = YES_AGGRESSIVE;
				CLANG_WARN_UNREACHABLE_CODE = YES;
				CLANG_WARN__DUPLICATE_METHOD_MATCH = YES;
				COPY_PHASE_STRIP = NO;
				DEBUG_INFORMATION_FORMAT = "dwarf-with-dsym";
				ENABLE_NS_ASSERTIONS = NO;
				ENABLE_STRICT_OBJC_MSGSEND = YES;
				GCC_C_LANGUAGE_STANDARD = gnu11;
				GCC_NO_COMMON_BLOCKS = YES;
				GCC_WARN_64_TO_32_BIT_CONVERSION = YES;
				GCC_WARN_ABOUT_RETURN_TYPE = YES_ERROR;
				GCC_WARN_UNDECLARED_SELECTOR = YES;
				GCC_WARN_UNINITIALIZED_AUTOS = YES_AGGRESSIVE;
				GCC_WARN_UNUSED_FUNCTION = YES;
				GCC_WARN_UNUSED_VARIABLE = YES;
				IPHONEOS_DEPLOYMENT_TARGET = 15.0;
				MTL_ENABLE_DEBUG_INFO = NO;
				MTL_FAST_MATH = YES;
				SDKROOT = iphoneos;
				SWIFT_COMPILATION_MODE = wholemodule;
				SWIFT_OPTIMIZATION_LEVEL = "-O";
				VALIDATE_PRODUCT = YES;
			};
			name = Release;
		};
		0F704E32270F9D0A004B897F /* Debug */ = {
			isa = XCBuildConfiguration;
			buildSettings = {
				ASSETCATALOG_COMPILER_APPICON_NAME = AppIcon;
				ASSETCATALOG_COMPILER_GLOBAL_ACCENT_COLOR_NAME = AccentColor;
				CODE_SIGN_STYLE = Automatic;
				CURRENT_PROJECT_VERSION = 1;
				DEVELOPMENT_TEAM = LL5V2M9K7R;
				GENERATE_INFOPLIST_FILE = YES;
				INFOPLIST_FILE = beBetter/Resources/Info.plist;
				INFOPLIST_KEY_UIApplicationSupportsIndirectInputEvents = YES;
				INFOPLIST_KEY_UILaunchStoryboardName = LaunchScreen;
				INFOPLIST_KEY_UISupportedInterfaceOrientations = UIInterfaceOrientationPortrait;
				INFOPLIST_KEY_UISupportedInterfaceOrientations_iPad = "UIInterfaceOrientationPortrait UIInterfaceOrientationPortraitUpsideDown UIInterfaceOrientationLandscapeLeft UIInterfaceOrientationLandscapeRight";
				INFOPLIST_KEY_UISupportedInterfaceOrientations_iPhone = "UIInterfaceOrientationPortrait UIInterfaceOrientationLandscapeLeft UIInterfaceOrientationLandscapeRight";
				LD_RUNPATH_SEARCH_PATHS = (
					"$(inherited)",
					"@executable_path/Frameworks",
				);
				MARKETING_VERSION = 1.0;
				PRODUCT_BUNDLE_IDENTIFIER = com.taketask.beBetter;
				PRODUCT_NAME = "$(TARGET_NAME)";
				SWIFT_EMIT_LOC_STRINGS = YES;
				SWIFT_VERSION = 5.0;
				TARGETED_DEVICE_FAMILY = 1;
			};
			name = Debug;
		};
		0F704E33270F9D0A004B897F /* Release */ = {
			isa = XCBuildConfiguration;
			buildSettings = {
				ASSETCATALOG_COMPILER_APPICON_NAME = AppIcon;
				ASSETCATALOG_COMPILER_GLOBAL_ACCENT_COLOR_NAME = AccentColor;
				CODE_SIGN_STYLE = Automatic;
				CURRENT_PROJECT_VERSION = 1;
				DEVELOPMENT_TEAM = LL5V2M9K7R;
				GENERATE_INFOPLIST_FILE = YES;
				INFOPLIST_FILE = beBetter/Resources/Info.plist;
				INFOPLIST_KEY_UIApplicationSupportsIndirectInputEvents = YES;
				INFOPLIST_KEY_UILaunchStoryboardName = LaunchScreen;
				INFOPLIST_KEY_UISupportedInterfaceOrientations = UIInterfaceOrientationPortrait;
				INFOPLIST_KEY_UISupportedInterfaceOrientations_iPad = "UIInterfaceOrientationPortrait UIInterfaceOrientationPortraitUpsideDown UIInterfaceOrientationLandscapeLeft UIInterfaceOrientationLandscapeRight";
				INFOPLIST_KEY_UISupportedInterfaceOrientations_iPhone = "UIInterfaceOrientationPortrait UIInterfaceOrientationLandscapeLeft UIInterfaceOrientationLandscapeRight";
				LD_RUNPATH_SEARCH_PATHS = (
					"$(inherited)",
					"@executable_path/Frameworks",
				);
				MARKETING_VERSION = 1.0;
				PRODUCT_BUNDLE_IDENTIFIER = com.taketask.beBetter;
				PRODUCT_NAME = "$(TARGET_NAME)";
				SWIFT_EMIT_LOC_STRINGS = YES;
				SWIFT_VERSION = 5.0;
				TARGETED_DEVICE_FAMILY = 1;
			};
			name = Release;
		};
		0F704E35270F9D0A004B897F /* Debug */ = {
			isa = XCBuildConfiguration;
			buildSettings = {
				ALWAYS_EMBED_SWIFT_STANDARD_LIBRARIES = YES;
				BUNDLE_LOADER = "$(TEST_HOST)";
				CODE_SIGN_STYLE = Automatic;
				CURRENT_PROJECT_VERSION = 1;
				DEVELOPMENT_TEAM = LL5V2M9K7R;
				GENERATE_INFOPLIST_FILE = YES;
				IPHONEOS_DEPLOYMENT_TARGET = 15.0;
				LD_RUNPATH_SEARCH_PATHS = (
					"$(inherited)",
					"@executable_path/Frameworks",
					"@loader_path/Frameworks",
				);
				MARKETING_VERSION = 1.0;
				PRODUCT_BUNDLE_IDENTIFIER = com.taketask.beBetterTests;
				PRODUCT_NAME = "$(TARGET_NAME)";
				SWIFT_EMIT_LOC_STRINGS = NO;
				SWIFT_VERSION = 5.0;
				TARGETED_DEVICE_FAMILY = "1,2";
				TEST_HOST = "$(BUILT_PRODUCTS_DIR)/beBetter.app/beBetter";
			};
			name = Debug;
		};
		0F704E36270F9D0A004B897F /* Release */ = {
			isa = XCBuildConfiguration;
			buildSettings = {
				ALWAYS_EMBED_SWIFT_STANDARD_LIBRARIES = YES;
				BUNDLE_LOADER = "$(TEST_HOST)";
				CODE_SIGN_STYLE = Automatic;
				CURRENT_PROJECT_VERSION = 1;
				DEVELOPMENT_TEAM = LL5V2M9K7R;
				GENERATE_INFOPLIST_FILE = YES;
				IPHONEOS_DEPLOYMENT_TARGET = 15.0;
				LD_RUNPATH_SEARCH_PATHS = (
					"$(inherited)",
					"@executable_path/Frameworks",
					"@loader_path/Frameworks",
				);
				MARKETING_VERSION = 1.0;
				PRODUCT_BUNDLE_IDENTIFIER = com.taketask.beBetterTests;
				PRODUCT_NAME = "$(TARGET_NAME)";
				SWIFT_EMIT_LOC_STRINGS = NO;
				SWIFT_VERSION = 5.0;
				TARGETED_DEVICE_FAMILY = "1,2";
				TEST_HOST = "$(BUILT_PRODUCTS_DIR)/beBetter.app/beBetter";
			};
			name = Release;
		};
		0F704E38270F9D0A004B897F /* Debug */ = {
			isa = XCBuildConfiguration;
			buildSettings = {
				ALWAYS_EMBED_SWIFT_STANDARD_LIBRARIES = YES;
				CODE_SIGN_STYLE = Automatic;
				CURRENT_PROJECT_VERSION = 1;
				DEVELOPMENT_TEAM = LL5V2M9K7R;
				GENERATE_INFOPLIST_FILE = YES;
				LD_RUNPATH_SEARCH_PATHS = (
					"$(inherited)",
					"@executable_path/Frameworks",
					"@loader_path/Frameworks",
				);
				MARKETING_VERSION = 1.0;
				PRODUCT_BUNDLE_IDENTIFIER = com.taketask.beBetterUITests;
				PRODUCT_NAME = "$(TARGET_NAME)";
				SWIFT_EMIT_LOC_STRINGS = NO;
				SWIFT_VERSION = 5.0;
				TARGETED_DEVICE_FAMILY = "1,2";
				TEST_TARGET_NAME = beBetter;
			};
			name = Debug;
		};
		0F704E39270F9D0A004B897F /* Release */ = {
			isa = XCBuildConfiguration;
			buildSettings = {
				ALWAYS_EMBED_SWIFT_STANDARD_LIBRARIES = YES;
				CODE_SIGN_STYLE = Automatic;
				CURRENT_PROJECT_VERSION = 1;
				DEVELOPMENT_TEAM = LL5V2M9K7R;
				GENERATE_INFOPLIST_FILE = YES;
				LD_RUNPATH_SEARCH_PATHS = (
					"$(inherited)",
					"@executable_path/Frameworks",
					"@loader_path/Frameworks",
				);
				MARKETING_VERSION = 1.0;
				PRODUCT_BUNDLE_IDENTIFIER = com.taketask.beBetterUITests;
				PRODUCT_NAME = "$(TARGET_NAME)";
				SWIFT_EMIT_LOC_STRINGS = NO;
				SWIFT_VERSION = 5.0;
				TARGETED_DEVICE_FAMILY = "1,2";
				TEST_TARGET_NAME = beBetter;
			};
			name = Release;
		};
/* End XCBuildConfiguration section */

/* Begin XCConfigurationList section */
		0F704E02270F9D08004B897F /* Build configuration list for PBXProject "beBetter" */ = {
			isa = XCConfigurationList;
			buildConfigurations = (
				0F704E2F270F9D0A004B897F /* Debug */,
				0F704E30270F9D0A004B897F /* Release */,
			);
			defaultConfigurationIsVisible = 0;
			defaultConfigurationName = Release;
		};
		0F704E31270F9D0A004B897F /* Build configuration list for PBXNativeTarget "beBetter" */ = {
			isa = XCConfigurationList;
			buildConfigurations = (
				0F704E32270F9D0A004B897F /* Debug */,
				0F704E33270F9D0A004B897F /* Release */,
			);
			defaultConfigurationIsVisible = 0;
			defaultConfigurationName = Release;
		};
		0F704E34270F9D0A004B897F /* Build configuration list for PBXNativeTarget "beBetterTests" */ = {
			isa = XCConfigurationList;
			buildConfigurations = (
				0F704E35270F9D0A004B897F /* Debug */,
				0F704E36270F9D0A004B897F /* Release */,
			);
			defaultConfigurationIsVisible = 0;
			defaultConfigurationName = Release;
		};
		0F704E37270F9D0A004B897F /* Build configuration list for PBXNativeTarget "beBetterUITests" */ = {
			isa = XCConfigurationList;
			buildConfigurations = (
				0F704E38270F9D0A004B897F /* Debug */,
				0F704E39270F9D0A004B897F /* Release */,
			);
			defaultConfigurationIsVisible = 0;
			defaultConfigurationName = Release;
		};
/* End XCConfigurationList section */
	};
	rootObject = 0F704DFF270F9D08004B897F /* Project object */;
}
